// !$*UTF8*$!
{
	archiveVersion = 1;
	classes = {
	};
	objectVersion = 46;
	objects = {

/* Begin PBXBuildFile section */
		3D055BBA15F7FAEA005FDF55 /* AnimUIImageView.m in Sources */ = {isa = PBXBuildFile; fileRef = 3D055BB915F7FAEA005FDF55 /* AnimUIImageView.m */; };
		3D29E7EB1601440700294250 /* Constants.m in Sources */ = {isa = PBXBuildFile; fileRef = 3D29E7EA1601440700294250 /* Constants.m */; };
		3D29E7EF16021FF800294250 /* settingsGear@2x.png in Resources */ = {isa = PBXBuildFile; fileRef = 3D29E7EE16021FF800294250 /* settingsGear@2x.png */; };
		3D3054A01600DE3F00174167 /* InAppSettings.bundle in Resources */ = {isa = PBXBuildFile; fileRef = 3D30549F1600DE3F00174167 /* InAppSettings.bundle */; };
		3D515297160390D20051F921 /* Default-568h@2x.png in Resources */ = {isa = PBXBuildFile; fileRef = 3D515294160390C00051F921 /* Default-568h@2x.png */; };
		3D515298160391560051F921 /* Default.png in Resources */ = {isa = PBXBuildFile; fileRef = 3DD58F7A15F3A98C00FB9F3F /* Default.png */; };
		3D5152991603915B0051F921 /* Default@2x.png in Resources */ = {isa = PBXBuildFile; fileRef = 3DD58F7B15F3A98C00FB9F3F /* Default@2x.png */; };
		3D51529B160397370051F921 /* UIDevice+Resolutions.m in Sources */ = {isa = PBXBuildFile; fileRef = 3D51529A160397370051F921 /* UIDevice+Resolutions.m */; };
		3D756C6115FBB3CF00F5EB01 /* MessageUI.framework in Frameworks */ = {isa = PBXBuildFile; fileRef = 3D756C6015FBB3CF00F5EB01 /* MessageUI.framework */; };
		3D756C8A15FBB72000F5EB01 /* IASKAppSettingsViewController.m in Sources */ = {isa = PBXBuildFile; fileRef = 3D756C6C15FBB72000F5EB01 /* IASKAppSettingsViewController.m */; settings = {COMPILER_FLAGS = "-fno-objc-arc"; }; };
		3D756C8B15FBB72000F5EB01 /* IASKAppSettingsWebViewController.m in Sources */ = {isa = PBXBuildFile; fileRef = 3D756C6E15FBB72000F5EB01 /* IASKAppSettingsWebViewController.m */; settings = {COMPILER_FLAGS = "-fno-objc-arc"; }; };
		3D756C8C15FBB72000F5EB01 /* IASKSpecifierValuesViewController.m in Sources */ = {isa = PBXBuildFile; fileRef = 3D756C7015FBB72000F5EB01 /* IASKSpecifierValuesViewController.m */; settings = {COMPILER_FLAGS = "-fno-objc-arc"; }; };
		3D756C8D15FBB72000F5EB01 /* IASKSettingsReader.m in Sources */ = {isa = PBXBuildFile; fileRef = 3D756C7415FBB72000F5EB01 /* IASKSettingsReader.m */; settings = {COMPILER_FLAGS = "-fno-objc-arc"; }; };
		3D756C8E15FBB72000F5EB01 /* IASKSettingsStore.m in Sources */ = {isa = PBXBuildFile; fileRef = 3D756C7615FBB72000F5EB01 /* IASKSettingsStore.m */; settings = {COMPILER_FLAGS = "-fno-objc-arc"; }; };
		3D756C8F15FBB72000F5EB01 /* IASKSettingsStoreFile.m in Sources */ = {isa = PBXBuildFile; fileRef = 3D756C7815FBB72000F5EB01 /* IASKSettingsStoreFile.m */; settings = {COMPILER_FLAGS = "-fno-objc-arc"; }; };
		3D756C9015FBB72000F5EB01 /* IASKSettingsStoreUserDefaults.m in Sources */ = {isa = PBXBuildFile; fileRef = 3D756C7A15FBB72000F5EB01 /* IASKSettingsStoreUserDefaults.m */; settings = {COMPILER_FLAGS = "-fno-objc-arc"; }; };
		3D756C9115FBB72000F5EB01 /* IASKSpecifier.m in Sources */ = {isa = PBXBuildFile; fileRef = 3D756C7C15FBB72000F5EB01 /* IASKSpecifier.m */; settings = {COMPILER_FLAGS = "-fno-objc-arc"; }; };
		3D756C9215FBB72000F5EB01 /* IASKPSSliderSpecifierViewCell.m in Sources */ = {isa = PBXBuildFile; fileRef = 3D756C7F15FBB72000F5EB01 /* IASKPSSliderSpecifierViewCell.m */; settings = {COMPILER_FLAGS = "-fno-objc-arc"; }; };
		3D756C9315FBB72000F5EB01 /* IASKPSTextFieldSpecifierViewCell.m in Sources */ = {isa = PBXBuildFile; fileRef = 3D756C8115FBB72000F5EB01 /* IASKPSTextFieldSpecifierViewCell.m */; settings = {COMPILER_FLAGS = "-fno-objc-arc"; }; };
		3D756C9415FBB72000F5EB01 /* IASKPSTitleValueSpecifierViewCell.m in Sources */ = {isa = PBXBuildFile; fileRef = 3D756C8315FBB72000F5EB01 /* IASKPSTitleValueSpecifierViewCell.m */; settings = {COMPILER_FLAGS = "-fno-objc-arc"; }; };
		3D756C9515FBB72000F5EB01 /* IASKSlider.m in Sources */ = {isa = PBXBuildFile; fileRef = 3D756C8515FBB72000F5EB01 /* IASKSlider.m */; settings = {COMPILER_FLAGS = "-fno-objc-arc"; }; };
		3D756C9615FBB72000F5EB01 /* IASKSwitch.m in Sources */ = {isa = PBXBuildFile; fileRef = 3D756C8715FBB72000F5EB01 /* IASKSwitch.m */; settings = {COMPILER_FLAGS = "-fno-objc-arc"; }; };
		3D756C9715FBB72000F5EB01 /* IASKTextField.m in Sources */ = {isa = PBXBuildFile; fileRef = 3D756C8915FBB72000F5EB01 /* IASKTextField.m */; settings = {COMPILER_FLAGS = "-fno-objc-arc"; }; };
		3DD58EF115F3A66200FB9F3F /* UIKit.framework in Frameworks */ = {isa = PBXBuildFile; fileRef = 3DD58EF015F3A66200FB9F3F /* UIKit.framework */; };
		3DD58EF315F3A66200FB9F3F /* Foundation.framework in Frameworks */ = {isa = PBXBuildFile; fileRef = 3DD58EF215F3A66200FB9F3F /* Foundation.framework */; };
		3DD58EF515F3A66200FB9F3F /* CoreGraphics.framework in Frameworks */ = {isa = PBXBuildFile; fileRef = 3DD58EF415F3A66200FB9F3F /* CoreGraphics.framework */; };
		3DD58EFB15F3A66200FB9F3F /* InfoPlist.strings in Resources */ = {isa = PBXBuildFile; fileRef = 3DD58EF915F3A66200FB9F3F /* InfoPlist.strings */; };
		3DD58EFD15F3A66200FB9F3F /* main.m in Sources */ = {isa = PBXBuildFile; fileRef = 3DD58EFC15F3A66200FB9F3F /* main.m */; };
		3DD58F0115F3A66300FB9F3F /* FrenchpressAppDelegate.m in Sources */ = {isa = PBXBuildFile; fileRef = 3DD58F0015F3A66300FB9F3F /* FrenchpressAppDelegate.m */; };
		3DD58F0415F3A66300FB9F3F /* FrenchpressViewController.m in Sources */ = {isa = PBXBuildFile; fileRef = 3DD58F0315F3A66300FB9F3F /* FrenchpressViewController.m */; };
		3DD58F0715F3A66300FB9F3F /* FrenchpressViewController.xib in Resources */ = {isa = PBXBuildFile; fileRef = 3DD58F0515F3A66300FB9F3F /* FrenchpressViewController.xib */; };
		3DD58F0E15F3A6FA00FB9F3F /* AudioToolbox.framework in Frameworks */ = {isa = PBXBuildFile; fileRef = 3DD58F0D15F3A6FA00FB9F3F /* AudioToolbox.framework */; };
		3DD58F1015F3A6FF00FB9F3F /* QuartzCore.framework in Frameworks */ = {isa = PBXBuildFile; fileRef = 3DD58F0F15F3A6FF00FB9F3F /* QuartzCore.framework */; };
		3DD58F1715F3A94D00FB9F3F /* SlideToCancelViewController.m in Sources */ = {isa = PBXBuildFile; fileRef = 3DD58F1615F3A94D00FB9F3F /* SlideToCancelViewController.m */; };
		3DD58F8715F3A98D00FB9F3F /* animBegin00.png in Resources */ = {isa = PBXBuildFile; fileRef = 3DD58F1A15F3A98C00FB9F3F /* animBegin00.png */; };
		3DD58F8815F3A98D00FB9F3F /* animBegin01.png in Resources */ = {isa = PBXBuildFile; fileRef = 3DD58F1B15F3A98C00FB9F3F /* animBegin01.png */; };
		3DD58F8915F3A98D00FB9F3F /* animBegin02.png in Resources */ = {isa = PBXBuildFile; fileRef = 3DD58F1C15F3A98C00FB9F3F /* animBegin02.png */; };
		3DD58F8A15F3A98D00FB9F3F /* animBegin03.png in Resources */ = {isa = PBXBuildFile; fileRef = 3DD58F1D15F3A98C00FB9F3F /* animBegin03.png */; };
		3DD58F8B15F3A98D00FB9F3F /* animBegin04.png in Resources */ = {isa = PBXBuildFile; fileRef = 3DD58F1E15F3A98C00FB9F3F /* animBegin04.png */; };
		3DD58F8C15F3A98D00FB9F3F /* animBegin05.png in Resources */ = {isa = PBXBuildFile; fileRef = 3DD58F1F15F3A98C00FB9F3F /* animBegin05.png */; };
		3DD58F8D15F3A98D00FB9F3F /* animBegin06.png in Resources */ = {isa = PBXBuildFile; fileRef = 3DD58F2015F3A98C00FB9F3F /* animBegin06.png */; };
		3DD58F8E15F3A98D00FB9F3F /* animBegin07.png in Resources */ = {isa = PBXBuildFile; fileRef = 3DD58F2115F3A98C00FB9F3F /* animBegin07.png */; };
		3DD58F8F15F3A98D00FB9F3F /* animBegin08.png in Resources */ = {isa = PBXBuildFile; fileRef = 3DD58F2215F3A98C00FB9F3F /* animBegin08.png */; };
		3DD58F9015F3A98D00FB9F3F /* animBegin09.png in Resources */ = {isa = PBXBuildFile; fileRef = 3DD58F2315F3A98C00FB9F3F /* animBegin09.png */; };
		3DD58F9115F3A98D00FB9F3F /* animBegin10.png in Resources */ = {isa = PBXBuildFile; fileRef = 3DD58F2415F3A98C00FB9F3F /* animBegin10.png */; };
		3DD58F9215F3A98D00FB9F3F /* animBegin11.png in Resources */ = {isa = PBXBuildFile; fileRef = 3DD58F2515F3A98C00FB9F3F /* animBegin11.png */; };
		3DD58F9315F3A98D00FB9F3F /* animBegin12.png in Resources */ = {isa = PBXBuildFile; fileRef = 3DD58F2615F3A98C00FB9F3F /* animBegin12.png */; };
		3DD58F9415F3A98D00FB9F3F /* animBegin13.png in Resources */ = {isa = PBXBuildFile; fileRef = 3DD58F2715F3A98C00FB9F3F /* animBegin13.png */; };
		3DD58F9515F3A98D00FB9F3F /* animBegin14.png in Resources */ = {isa = PBXBuildFile; fileRef = 3DD58F2815F3A98C00FB9F3F /* animBegin14.png */; };
		3DD58F9615F3A98D00FB9F3F /* animBegin15.png in Resources */ = {isa = PBXBuildFile; fileRef = 3DD58F2915F3A98C00FB9F3F /* animBegin15.png */; };
		3DD58F9715F3A98D00FB9F3F /* animBegin16.png in Resources */ = {isa = PBXBuildFile; fileRef = 3DD58F2A15F3A98C00FB9F3F /* animBegin16.png */; };
		3DD58F9815F3A98D00FB9F3F /* animBegin17.png in Resources */ = {isa = PBXBuildFile; fileRef = 3DD58F2B15F3A98C00FB9F3F /* animBegin17.png */; };
		3DD58F9915F3A98D00FB9F3F /* animBegin18.png in Resources */ = {isa = PBXBuildFile; fileRef = 3DD58F2C15F3A98C00FB9F3F /* animBegin18.png */; };
		3DD58F9A15F3A98D00FB9F3F /* animBegin19.png in Resources */ = {isa = PBXBuildFile; fileRef = 3DD58F2D15F3A98C00FB9F3F /* animBegin19.png */; };
		3DD58F9B15F3A98D00FB9F3F /* animBegin20.png in Resources */ = {isa = PBXBuildFile; fileRef = 3DD58F2E15F3A98C00FB9F3F /* animBegin20.png */; };
		3DD58F9C15F3A98D00FB9F3F /* animBegin21.png in Resources */ = {isa = PBXBuildFile; fileRef = 3DD58F2F15F3A98C00FB9F3F /* animBegin21.png */; };
		3DD58F9D15F3A98D00FB9F3F /* animBegin22.png in Resources */ = {isa = PBXBuildFile; fileRef = 3DD58F3015F3A98C00FB9F3F /* animBegin22.png */; };
		3DD58F9E15F3A98D00FB9F3F /* animBegin23.png in Resources */ = {isa = PBXBuildFile; fileRef = 3DD58F3115F3A98C00FB9F3F /* animBegin23.png */; };
		3DD58F9F15F3A98D00FB9F3F /* animBegin24.png in Resources */ = {isa = PBXBuildFile; fileRef = 3DD58F3215F3A98C00FB9F3F /* animBegin24.png */; };
		3DD58FA015F3A98D00FB9F3F /* animBegin25.png in Resources */ = {isa = PBXBuildFile; fileRef = 3DD58F3315F3A98C00FB9F3F /* animBegin25.png */; };
		3DD58FA115F3A98D00FB9F3F /* animFinish00.png in Resources */ = {isa = PBXBuildFile; fileRef = 3DD58F3515F3A98C00FB9F3F /* animFinish00.png */; };
		3DD58FA215F3A98D00FB9F3F /* animFinish01.png in Resources */ = {isa = PBXBuildFile; fileRef = 3DD58F3615F3A98C00FB9F3F /* animFinish01.png */; };
		3DD58FA315F3A98D00FB9F3F /* animFinish02.png in Resources */ = {isa = PBXBuildFile; fileRef = 3DD58F3715F3A98C00FB9F3F /* animFinish02.png */; };
		3DD58FA415F3A98D00FB9F3F /* animFinish03.png in Resources */ = {isa = PBXBuildFile; fileRef = 3DD58F3815F3A98C00FB9F3F /* animFinish03.png */; };
		3DD58FA515F3A98D00FB9F3F /* animFinish04.png in Resources */ = {isa = PBXBuildFile; fileRef = 3DD58F3915F3A98C00FB9F3F /* animFinish04.png */; };
		3DD58FA615F3A98D00FB9F3F /* animFinish05.png in Resources */ = {isa = PBXBuildFile; fileRef = 3DD58F3A15F3A98C00FB9F3F /* animFinish05.png */; };
		3DD58FA715F3A98D00FB9F3F /* animFinish06.png in Resources */ = {isa = PBXBuildFile; fileRef = 3DD58F3B15F3A98C00FB9F3F /* animFinish06.png */; };
		3DD58FA815F3A98D00FB9F3F /* animFinish07.png in Resources */ = {isa = PBXBuildFile; fileRef = 3DD58F3C15F3A98C00FB9F3F /* animFinish07.png */; };
		3DD58FA915F3A98D00FB9F3F /* animFinish08.png in Resources */ = {isa = PBXBuildFile; fileRef = 3DD58F3D15F3A98C00FB9F3F /* animFinish08.png */; };
		3DD58FAA15F3A98D00FB9F3F /* animFinish09.png in Resources */ = {isa = PBXBuildFile; fileRef = 3DD58F3E15F3A98C00FB9F3F /* animFinish09.png */; };
		3DD58FAB15F3A98D00FB9F3F /* animFinish10.png in Resources */ = {isa = PBXBuildFile; fileRef = 3DD58F3F15F3A98C00FB9F3F /* animFinish10.png */; };
		3DD58FAC15F3A98D00FB9F3F /* animFinish11.png in Resources */ = {isa = PBXBuildFile; fileRef = 3DD58F4015F3A98C00FB9F3F /* animFinish11.png */; };
		3DD58FAD15F3A98D00FB9F3F /* animFinish12.png in Resources */ = {isa = PBXBuildFile; fileRef = 3DD58F4115F3A98C00FB9F3F /* animFinish12.png */; };
		3DD58FAE15F3A98D00FB9F3F /* animFinish13.png in Resources */ = {isa = PBXBuildFile; fileRef = 3DD58F4215F3A98C00FB9F3F /* animFinish13.png */; };
		3DD58FAF15F3A98D00FB9F3F /* animFinish14.png in Resources */ = {isa = PBXBuildFile; fileRef = 3DD58F4315F3A98C00FB9F3F /* animFinish14.png */; };
		3DD58FB015F3A98D00FB9F3F /* animFinish15.png in Resources */ = {isa = PBXBuildFile; fileRef = 3DD58F4415F3A98C00FB9F3F /* animFinish15.png */; };
		3DD58FB115F3A98D00FB9F3F /* animFinish16.png in Resources */ = {isa = PBXBuildFile; fileRef = 3DD58F4515F3A98C00FB9F3F /* animFinish16.png */; };
		3DD58FB215F3A98D00FB9F3F /* animFinish17.png in Resources */ = {isa = PBXBuildFile; fileRef = 3DD58F4615F3A98C00FB9F3F /* animFinish17.png */; };
		3DD58FB315F3A98D00FB9F3F /* animFinish18.png in Resources */ = {isa = PBXBuildFile; fileRef = 3DD58F4715F3A98C00FB9F3F /* animFinish18.png */; };
		3DD58FB415F3A98D00FB9F3F /* animFinish19.png in Resources */ = {isa = PBXBuildFile; fileRef = 3DD58F4815F3A98C00FB9F3F /* animFinish19.png */; };
		3DD58FB515F3A98D00FB9F3F /* animFinish20.png in Resources */ = {isa = PBXBuildFile; fileRef = 3DD58F4915F3A98C00FB9F3F /* animFinish20.png */; };
		3DD58FB615F3A98D00FB9F3F /* animFinish21.png in Resources */ = {isa = PBXBuildFile; fileRef = 3DD58F4A15F3A98C00FB9F3F /* animFinish21.png */; };
		3DD58FB715F3A98D00FB9F3F /* animFinish22.png in Resources */ = {isa = PBXBuildFile; fileRef = 3DD58F4B15F3A98C00FB9F3F /* animFinish22.png */; };
		3DD58FB815F3A98D00FB9F3F /* animFinish23.png in Resources */ = {isa = PBXBuildFile; fileRef = 3DD58F4C15F3A98C00FB9F3F /* animFinish23.png */; };
		3DD58FB915F3A98D00FB9F3F /* animFinish24.png in Resources */ = {isa = PBXBuildFile; fileRef = 3DD58F4D15F3A98C00FB9F3F /* animFinish24.png */; };
		3DD58FBA15F3A98D00FB9F3F /* animFinish25.png in Resources */ = {isa = PBXBuildFile; fileRef = 3DD58F4E15F3A98C00FB9F3F /* animFinish25.png */; };
		3DD58FBB15F3A98D00FB9F3F /* animFinish26.png in Resources */ = {isa = PBXBuildFile; fileRef = 3DD58F4F15F3A98C00FB9F3F /* animFinish26.png */; };
		3DD58FBC15F3A98D00FB9F3F /* animFinish27.png in Resources */ = {isa = PBXBuildFile; fileRef = 3DD58F5015F3A98C00FB9F3F /* animFinish27.png */; };
		3DD58FBD15F3A98D00FB9F3F /* animSteep00.png in Resources */ = {isa = PBXBuildFile; fileRef = 3DD58F5215F3A98C00FB9F3F /* animSteep00.png */; };
		3DD58FBE15F3A98D00FB9F3F /* animSteep01.png in Resources */ = {isa = PBXBuildFile; fileRef = 3DD58F5315F3A98C00FB9F3F /* animSteep01.png */; };
		3DD58FBF15F3A98D00FB9F3F /* animSteep02.png in Resources */ = {isa = PBXBuildFile; fileRef = 3DD58F5415F3A98C00FB9F3F /* animSteep02.png */; };
		3DD58FC015F3A98D00FB9F3F /* animSteep03.png in Resources */ = {isa = PBXBuildFile; fileRef = 3DD58F5515F3A98C00FB9F3F /* animSteep03.png */; };
		3DD58FC115F3A98D00FB9F3F /* animSteep04.png in Resources */ = {isa = PBXBuildFile; fileRef = 3DD58F5615F3A98C00FB9F3F /* animSteep04.png */; };
		3DD58FC215F3A98D00FB9F3F /* animSteep05.png in Resources */ = {isa = PBXBuildFile; fileRef = 3DD58F5715F3A98C00FB9F3F /* animSteep05.png */; };
		3DD58FC315F3A98D00FB9F3F /* animSteep06.png in Resources */ = {isa = PBXBuildFile; fileRef = 3DD58F5815F3A98C00FB9F3F /* animSteep06.png */; };
		3DD58FC415F3A98D00FB9F3F /* animSteep07.png in Resources */ = {isa = PBXBuildFile; fileRef = 3DD58F5915F3A98C00FB9F3F /* animSteep07.png */; };
		3DD58FC515F3A98D00FB9F3F /* animSteep08.png in Resources */ = {isa = PBXBuildFile; fileRef = 3DD58F5A15F3A98C00FB9F3F /* animSteep08.png */; };
		3DD58FC615F3A98D00FB9F3F /* animSteep09.png in Resources */ = {isa = PBXBuildFile; fileRef = 3DD58F5B15F3A98C00FB9F3F /* animSteep09.png */; };
		3DD58FC715F3A98D00FB9F3F /* animSteep10.png in Resources */ = {isa = PBXBuildFile; fileRef = 3DD58F5C15F3A98C00FB9F3F /* animSteep10.png */; };
		3DD58FC815F3A98D00FB9F3F /* animSteep11.png in Resources */ = {isa = PBXBuildFile; fileRef = 3DD58F5D15F3A98C00FB9F3F /* animSteep11.png */; };
		3DD58FC915F3A98D00FB9F3F /* animSteep12.png in Resources */ = {isa = PBXBuildFile; fileRef = 3DD58F5E15F3A98C00FB9F3F /* animSteep12.png */; };
		3DD58FCA15F3A98D00FB9F3F /* animSteep13.png in Resources */ = {isa = PBXBuildFile; fileRef = 3DD58F5F15F3A98C00FB9F3F /* animSteep13.png */; };
		3DD58FCB15F3A98D00FB9F3F /* animSteep14.png in Resources */ = {isa = PBXBuildFile; fileRef = 3DD58F6015F3A98C00FB9F3F /* animSteep14.png */; };
		3DD58FCC15F3A98D00FB9F3F /* animSteep15.png in Resources */ = {isa = PBXBuildFile; fileRef = 3DD58F6115F3A98C00FB9F3F /* animSteep15.png */; };
		3DD58FCD15F3A98D00FB9F3F /* animSteep16.png in Resources */ = {isa = PBXBuildFile; fileRef = 3DD58F6215F3A98C00FB9F3F /* animSteep16.png */; };
		3DD58FCE15F3A98D00FB9F3F /* animSteep17.png in Resources */ = {isa = PBXBuildFile; fileRef = 3DD58F6315F3A98C00FB9F3F /* animSteep17.png */; };
		3DD58FCF15F3A98D00FB9F3F /* animSteep18.png in Resources */ = {isa = PBXBuildFile; fileRef = 3DD58F6415F3A98C00FB9F3F /* animSteep18.png */; };
		3DD58FD015F3A98D00FB9F3F /* animSteep19.png in Resources */ = {isa = PBXBuildFile; fileRef = 3DD58F6515F3A98C00FB9F3F /* animSteep19.png */; };
		3DD58FD115F3A98D00FB9F3F /* animSteep20.png in Resources */ = {isa = PBXBuildFile; fileRef = 3DD58F6615F3A98C00FB9F3F /* animSteep20.png */; };
		3DD58FD215F3A98D00FB9F3F /* animStir00.png in Resources */ = {isa = PBXBuildFile; fileRef = 3DD58F6815F3A98C00FB9F3F /* animStir00.png */; };
		3DD58FD315F3A98D00FB9F3F /* animStir01.png in Resources */ = {isa = PBXBuildFile; fileRef = 3DD58F6915F3A98C00FB9F3F /* animStir01.png */; };
		3DD58FD415F3A98D00FB9F3F /* animStir02.png in Resources */ = {isa = PBXBuildFile; fileRef = 3DD58F6A15F3A98C00FB9F3F /* animStir02.png */; };
		3DD58FD515F3A98D00FB9F3F /* animStir03.png in Resources */ = {isa = PBXBuildFile; fileRef = 3DD58F6B15F3A98C00FB9F3F /* animStir03.png */; };
		3DD58FD615F3A98D00FB9F3F /* animStir04.png in Resources */ = {isa = PBXBuildFile; fileRef = 3DD58F6C15F3A98C00FB9F3F /* animStir04.png */; };
		3DD58FD715F3A98D00FB9F3F /* animStir05.png in Resources */ = {isa = PBXBuildFile; fileRef = 3DD58F6D15F3A98C00FB9F3F /* animStir05.png */; };
		3DD58FD815F3A98D00FB9F3F /* animStir06.png in Resources */ = {isa = PBXBuildFile; fileRef = 3DD58F6E15F3A98C00FB9F3F /* animStir06.png */; };
		3DD58FD915F3A98D00FB9F3F /* animStir07.png in Resources */ = {isa = PBXBuildFile; fileRef = 3DD58F6F15F3A98C00FB9F3F /* animStir07.png */; };
		3DD58FDA15F3A98D00FB9F3F /* animStir08.png in Resources */ = {isa = PBXBuildFile; fileRef = 3DD58F7015F3A98C00FB9F3F /* animStir08.png */; };
		3DD58FDB15F3A98D00FB9F3F /* animStir09.png in Resources */ = {isa = PBXBuildFile; fileRef = 3DD58F7115F3A98C00FB9F3F /* animStir09.png */; };
		3DD58FDC15F3A98D00FB9F3F /* animStir10.png in Resources */ = {isa = PBXBuildFile; fileRef = 3DD58F7215F3A98C00FB9F3F /* animStir10.png */; };
		3DD58FDD15F3A98D00FB9F3F /* animStir11.png in Resources */ = {isa = PBXBuildFile; fileRef = 3DD58F7315F3A98C00FB9F3F /* animStir11.png */; };
		3DD58FDE15F3A98D00FB9F3F /* animStir12.png in Resources */ = {isa = PBXBuildFile; fileRef = 3DD58F7415F3A98C00FB9F3F /* animStir12.png */; };
		3DD58FDF15F3A98D00FB9F3F /* animStir13.png in Resources */ = {isa = PBXBuildFile; fileRef = 3DD58F7515F3A98C00FB9F3F /* animStir13.png */; };
		3DD58FE015F3A98D00FB9F3F /* animStir14.png in Resources */ = {isa = PBXBuildFile; fileRef = 3DD58F7615F3A98C00FB9F3F /* animStir14.png */; };
		3DD58FE115F3A98D00FB9F3F /* backgroundPSD.png in Resources */ = {isa = PBXBuildFile; fileRef = 3DD58F7715F3A98C00FB9F3F /* backgroundPSD.png */; };
		3DD58FE215F3A98D00FB9F3F /* coffeeFinished.wav in Resources */ = {isa = PBXBuildFile; fileRef = 3DD58F7815F3A98C00FB9F3F /* coffeeFinished.wav */; };
		3DD58FE315F3A98D00FB9F3F /* coffeeStarted.wav in Resources */ = {isa = PBXBuildFile; fileRef = 3DD58F7915F3A98C00FB9F3F /* coffeeStarted.wav */; };
		3DD58FE615F3A98D00FB9F3F /* fbegin_1.png in Resources */ = {isa = PBXBuildFile; fileRef = 3DD58F7C15F3A98C00FB9F3F /* fbegin_1.png */; };
		3DD58FE715F3A98D00FB9F3F /* ffinish_4.png in Resources */ = {isa = PBXBuildFile; fileRef = 3DD58F7D15F3A98C00FB9F3F /* ffinish_4.png */; };
		3DD58FE815F3A98D00FB9F3F /* fpour_5.png in Resources */ = {isa = PBXBuildFile; fileRef = 3DD58F7E15F3A98C00FB9F3F /* fpour_5.png */; };
		3DD58FE915F3A98D00FB9F3F /* fsteep_3.png in Resources */ = {isa = PBXBuildFile; fileRef = 3DD58F7F15F3A98C00FB9F3F /* fsteep_3.png */; };
		3DD58FEA15F3A98D00FB9F3F /* fstir_2.png in Resources */ = {isa = PBXBuildFile; fileRef = 3DD58F8015F3A98C00FB9F3F /* fstir_2.png */; };
		3DD58FEB15F3A98D00FB9F3F /* Icon.png in Resources */ = {isa = PBXBuildFile; fileRef = 3DD58F8115F3A98C00FB9F3F /* Icon.png */; };
		3DD58FEC15F3A98D00FB9F3F /* Icon@2x.png in Resources */ = {isa = PBXBuildFile; fileRef = 3DD58F8215F3A98C00FB9F3F /* Icon@2x.png */; };
		3DD58FED15F3A98D00FB9F3F /* slideButtonPSD.png in Resources */ = {isa = PBXBuildFile; fileRef = 3DD58F8315F3A98C00FB9F3F /* slideButtonPSD.png */; };
		3DD58FEE15F3A98D00FB9F3F /* sliderMaxMin-02.png in Resources */ = {isa = PBXBuildFile; fileRef = 3DD58F8415F3A98C00FB9F3F /* sliderMaxMin-02.png */; };
		3DD58FEF15F3A98D00FB9F3F /* slideWall.png in Resources */ = {isa = PBXBuildFile; fileRef = 3DD58F8515F3A98C00FB9F3F /* slideWall.png */; };
		3DD58FF015F3A98D00FB9F3F /* timerBackground.png in Resources */ = {isa = PBXBuildFile; fileRef = 3DD58F8615F3A98C00FB9F3F /* timerBackground.png */; };
		3DD58FF315F3B66A00FB9F3F /* fempty_0.png in Resources */ = {isa = PBXBuildFile; fileRef = 3DD58FF215F3B66900FB9F3F /* fempty_0.png */; };
/* End PBXBuildFile section */

/* Begin PBXFileReference section */
		3D055BB815F7FAEA005FDF55 /* AnimUIImageView.h */ = {isa = PBXFileReference; fileEncoding = 4; lastKnownFileType = sourcecode.c.h; path = AnimUIImageView.h; sourceTree = "<group>"; };
		3D055BB915F7FAEA005FDF55 /* AnimUIImageView.m */ = {isa = PBXFileReference; fileEncoding = 4; lastKnownFileType = sourcecode.c.objc; path = AnimUIImageView.m; sourceTree = "<group>"; };
		3D29E7E91600EC2300294250 /* Constants.h */ = {isa = PBXFileReference; fileEncoding = 4; lastKnownFileType = sourcecode.c.h; path = Constants.h; sourceTree = "<group>"; };
		3D29E7EA1601440700294250 /* Constants.m */ = {isa = PBXFileReference; fileEncoding = 4; lastKnownFileType = sourcecode.c.objc; path = Constants.m; sourceTree = "<group>"; };
		3D29E7EE16021FF800294250 /* settingsGear@2x.png */ = {isa = PBXFileReference; lastKnownFileType = image.png; path = "settingsGear@2x.png"; sourceTree = "<group>"; };
		3D30549F1600DE3F00174167 /* InAppSettings.bundle */ = {isa = PBXFileReference; lastKnownFileType = "wrapper.plug-in"; name = InAppSettings.bundle; path = ../InAppSettings.bundle; sourceTree = "<group>"; };
		3D515294160390C00051F921 /* Default-568h@2x.png */ = {isa = PBXFileReference; lastKnownFileType = image.png; path = "Default-568h@2x.png"; sourceTree = "<group>"; };
		3D51529A160397370051F921 /* UIDevice+Resolutions.m */ = {isa = PBXFileReference; fileEncoding = 4; lastKnownFileType = sourcecode.c.objc; path = "UIDevice+Resolutions.m"; sourceTree = "<group>"; };
		3D51529C1603973D0051F921 /* UIDevice+Resolutions.h */ = {isa = PBXFileReference; lastKnownFileType = sourcecode.c.h; path = "UIDevice+Resolutions.h"; sourceTree = "<group>"; };
		3D756C6015FBB3CF00F5EB01 /* MessageUI.framework */ = {isa = PBXFileReference; lastKnownFileType = wrapper.framework; name = MessageUI.framework; path = System/Library/Frameworks/MessageUI.framework; sourceTree = SDKROOT; };
		3D756C6B15FBB72000F5EB01 /* IASKAppSettingsViewController.h */ = {isa = PBXFileReference; fileEncoding = 4; lastKnownFileType = sourcecode.c.h; path = IASKAppSettingsViewController.h; sourceTree = "<group>"; };
		3D756C6C15FBB72000F5EB01 /* IASKAppSettingsViewController.m */ = {isa = PBXFileReference; fileEncoding = 4; lastKnownFileType = sourcecode.c.objc; path = IASKAppSettingsViewController.m; sourceTree = "<group>"; };
		3D756C6D15FBB72000F5EB01 /* IASKAppSettingsWebViewController.h */ = {isa = PBXFileReference; fileEncoding = 4; lastKnownFileType = sourcecode.c.h; path = IASKAppSettingsWebViewController.h; sourceTree = "<group>"; };
		3D756C6E15FBB72000F5EB01 /* IASKAppSettingsWebViewController.m */ = {isa = PBXFileReference; fileEncoding = 4; lastKnownFileType = sourcecode.c.objc; path = IASKAppSettingsWebViewController.m; sourceTree = "<group>"; };
		3D756C6F15FBB72000F5EB01 /* IASKSpecifierValuesViewController.h */ = {isa = PBXFileReference; fileEncoding = 4; lastKnownFileType = sourcecode.c.h; path = IASKSpecifierValuesViewController.h; sourceTree = "<group>"; };
		3D756C7015FBB72000F5EB01 /* IASKSpecifierValuesViewController.m */ = {isa = PBXFileReference; fileEncoding = 4; lastKnownFileType = sourcecode.c.objc; path = IASKSpecifierValuesViewController.m; sourceTree = "<group>"; };
		3D756C7115FBB72000F5EB01 /* IASKViewController.h */ = {isa = PBXFileReference; fileEncoding = 4; lastKnownFileType = sourcecode.c.h; path = IASKViewController.h; sourceTree = "<group>"; };
		3D756C7315FBB72000F5EB01 /* IASKSettingsReader.h */ = {isa = PBXFileReference; fileEncoding = 4; lastKnownFileType = sourcecode.c.h; path = IASKSettingsReader.h; sourceTree = "<group>"; };
		3D756C7415FBB72000F5EB01 /* IASKSettingsReader.m */ = {isa = PBXFileReference; fileEncoding = 4; lastKnownFileType = sourcecode.c.objc; path = IASKSettingsReader.m; sourceTree = "<group>"; };
		3D756C7515FBB72000F5EB01 /* IASKSettingsStore.h */ = {isa = PBXFileReference; fileEncoding = 4; lastKnownFileType = sourcecode.c.h; path = IASKSettingsStore.h; sourceTree = "<group>"; };
		3D756C7615FBB72000F5EB01 /* IASKSettingsStore.m */ = {isa = PBXFileReference; fileEncoding = 4; lastKnownFileType = sourcecode.c.objc; path = IASKSettingsStore.m; sourceTree = "<group>"; };
		3D756C7715FBB72000F5EB01 /* IASKSettingsStoreFile.h */ = {isa = PBXFileReference; fileEncoding = 4; lastKnownFileType = sourcecode.c.h; path = IASKSettingsStoreFile.h; sourceTree = "<group>"; };
		3D756C7815FBB72000F5EB01 /* IASKSettingsStoreFile.m */ = {isa = PBXFileReference; fileEncoding = 4; lastKnownFileType = sourcecode.c.objc; path = IASKSettingsStoreFile.m; sourceTree = "<group>"; };
		3D756C7915FBB72000F5EB01 /* IASKSettingsStoreUserDefaults.h */ = {isa = PBXFileReference; fileEncoding = 4; lastKnownFileType = sourcecode.c.h; path = IASKSettingsStoreUserDefaults.h; sourceTree = "<group>"; };
		3D756C7A15FBB72000F5EB01 /* IASKSettingsStoreUserDefaults.m */ = {isa = PBXFileReference; fileEncoding = 4; lastKnownFileType = sourcecode.c.objc; path = IASKSettingsStoreUserDefaults.m; sourceTree = "<group>"; };
		3D756C7B15FBB72000F5EB01 /* IASKSpecifier.h */ = {isa = PBXFileReference; fileEncoding = 4; lastKnownFileType = sourcecode.c.h; path = IASKSpecifier.h; sourceTree = "<group>"; };
		3D756C7C15FBB72000F5EB01 /* IASKSpecifier.m */ = {isa = PBXFileReference; fileEncoding = 4; lastKnownFileType = sourcecode.c.objc; path = IASKSpecifier.m; sourceTree = "<group>"; };
		3D756C7E15FBB72000F5EB01 /* IASKPSSliderSpecifierViewCell.h */ = {isa = PBXFileReference; fileEncoding = 4; lastKnownFileType = sourcecode.c.h; path = IASKPSSliderSpecifierViewCell.h; sourceTree = "<group>"; };
		3D756C7F15FBB72000F5EB01 /* IASKPSSliderSpecifierViewCell.m */ = {isa = PBXFileReference; fileEncoding = 4; lastKnownFileType = sourcecode.c.objc; path = IASKPSSliderSpecifierViewCell.m; sourceTree = "<group>"; };
		3D756C8015FBB72000F5EB01 /* IASKPSTextFieldSpecifierViewCell.h */ = {isa = PBXFileReference; fileEncoding = 4; lastKnownFileType = sourcecode.c.h; path = IASKPSTextFieldSpecifierViewCell.h; sourceTree = "<group>"; };
		3D756C8115FBB72000F5EB01 /* IASKPSTextFieldSpecifierViewCell.m */ = {isa = PBXFileReference; fileEncoding = 4; lastKnownFileType = sourcecode.c.objc; path = IASKPSTextFieldSpecifierViewCell.m; sourceTree = "<group>"; };
		3D756C8215FBB72000F5EB01 /* IASKPSTitleValueSpecifierViewCell.h */ = {isa = PBXFileReference; fileEncoding = 4; lastKnownFileType = sourcecode.c.h; path = IASKPSTitleValueSpecifierViewCell.h; sourceTree = "<group>"; };
		3D756C8315FBB72000F5EB01 /* IASKPSTitleValueSpecifierViewCell.m */ = {isa = PBXFileReference; fileEncoding = 4; lastKnownFileType = sourcecode.c.objc; path = IASKPSTitleValueSpecifierViewCell.m; sourceTree = "<group>"; };
		3D756C8415FBB72000F5EB01 /* IASKSlider.h */ = {isa = PBXFileReference; fileEncoding = 4; lastKnownFileType = sourcecode.c.h; path = IASKSlider.h; sourceTree = "<group>"; };
		3D756C8515FBB72000F5EB01 /* IASKSlider.m */ = {isa = PBXFileReference; fileEncoding = 4; lastKnownFileType = sourcecode.c.objc; path = IASKSlider.m; sourceTree = "<group>"; };
		3D756C8615FBB72000F5EB01 /* IASKSwitch.h */ = {isa = PBXFileReference; fileEncoding = 4; lastKnownFileType = sourcecode.c.h; path = IASKSwitch.h; sourceTree = "<group>"; };
		3D756C8715FBB72000F5EB01 /* IASKSwitch.m */ = {isa = PBXFileReference; fileEncoding = 4; lastKnownFileType = sourcecode.c.objc; path = IASKSwitch.m; sourceTree = "<group>"; };
		3D756C8815FBB72000F5EB01 /* IASKTextField.h */ = {isa = PBXFileReference; fileEncoding = 4; lastKnownFileType = sourcecode.c.h; path = IASKTextField.h; sourceTree = "<group>"; };
		3D756C8915FBB72000F5EB01 /* IASKTextField.m */ = {isa = PBXFileReference; fileEncoding = 4; lastKnownFileType = sourcecode.c.objc; path = IASKTextField.m; sourceTree = "<group>"; };
		3DD58EEC15F3A66200FB9F3F /* FrenchPress.app */ = {isa = PBXFileReference; explicitFileType = wrapper.application; includeInIndex = 0; path = FrenchPress.app; sourceTree = BUILT_PRODUCTS_DIR; };
		3DD58EF015F3A66200FB9F3F /* UIKit.framework */ = {isa = PBXFileReference; lastKnownFileType = wrapper.framework; name = UIKit.framework; path = System/Library/Frameworks/UIKit.framework; sourceTree = SDKROOT; };
		3DD58EF215F3A66200FB9F3F /* Foundation.framework */ = {isa = PBXFileReference; lastKnownFileType = wrapper.framework; name = Foundation.framework; path = System/Library/Frameworks/Foundation.framework; sourceTree = SDKROOT; };
		3DD58EF415F3A66200FB9F3F /* CoreGraphics.framework */ = {isa = PBXFileReference; lastKnownFileType = wrapper.framework; name = CoreGraphics.framework; path = System/Library/Frameworks/CoreGraphics.framework; sourceTree = SDKROOT; };
		3DD58EF815F3A66200FB9F3F /* FrenchPress-Info.plist */ = {isa = PBXFileReference; lastKnownFileType = text.plist.xml; path = "FrenchPress-Info.plist"; sourceTree = "<group>"; };
		3DD58EFA15F3A66200FB9F3F /* en */ = {isa = PBXFileReference; lastKnownFileType = text.plist.strings; name = en; path = en.lproj/InfoPlist.strings; sourceTree = "<group>"; };
		3DD58EFC15F3A66200FB9F3F /* main.m */ = {isa = PBXFileReference; lastKnownFileType = sourcecode.c.objc; path = main.m; sourceTree = "<group>"; };
		3DD58EFE15F3A66200FB9F3F /* FrenchPress-Prefix.pch */ = {isa = PBXFileReference; lastKnownFileType = sourcecode.c.h; path = "FrenchPress-Prefix.pch"; sourceTree = "<group>"; };
		3DD58EFF15F3A66200FB9F3F /* FrenchpressAppDelegate.h */ = {isa = PBXFileReference; lastKnownFileType = sourcecode.c.h; path = FrenchpressAppDelegate.h; sourceTree = "<group>"; };
		3DD58F0015F3A66300FB9F3F /* FrenchpressAppDelegate.m */ = {isa = PBXFileReference; lastKnownFileType = sourcecode.c.objc; path = FrenchpressAppDelegate.m; sourceTree = "<group>"; };
		3DD58F0215F3A66300FB9F3F /* FrenchpressViewController.h */ = {isa = PBXFileReference; lastKnownFileType = sourcecode.c.h; lineEnding = 0; path = FrenchpressViewController.h; sourceTree = "<group>"; xcLanguageSpecificationIdentifier = xcode.lang.objcpp; };
		3DD58F0315F3A66300FB9F3F /* FrenchpressViewController.m */ = {isa = PBXFileReference; lastKnownFileType = sourcecode.c.objc; lineEnding = 0; path = FrenchpressViewController.m; sourceTree = "<group>"; xcLanguageSpecificationIdentifier = xcode.lang.objc; };
		3DD58F0615F3A66300FB9F3F /* en */ = {isa = PBXFileReference; lastKnownFileType = file.xib; name = en; path = en.lproj/FrenchpressViewController.xib; sourceTree = "<group>"; };
		3DD58F0D15F3A6FA00FB9F3F /* AudioToolbox.framework */ = {isa = PBXFileReference; lastKnownFileType = wrapper.framework; name = AudioToolbox.framework; path = System/Library/Frameworks/AudioToolbox.framework; sourceTree = SDKROOT; };
		3DD58F0F15F3A6FF00FB9F3F /* QuartzCore.framework */ = {isa = PBXFileReference; lastKnownFileType = wrapper.framework; name = QuartzCore.framework; path = System/Library/Frameworks/QuartzCore.framework; sourceTree = SDKROOT; };
		3DD58F1515F3A94D00FB9F3F /* SlideToCancelViewController.h */ = {isa = PBXFileReference; fileEncoding = 4; lastKnownFileType = sourcecode.c.h; path = SlideToCancelViewController.h; sourceTree = "<group>"; };
		3DD58F1615F3A94D00FB9F3F /* SlideToCancelViewController.m */ = {isa = PBXFileReference; fileEncoding = 4; lastKnownFileType = sourcecode.c.objc; path = SlideToCancelViewController.m; sourceTree = "<group>"; };
		3DD58F1A15F3A98C00FB9F3F /* animBegin00.png */ = {isa = PBXFileReference; lastKnownFileType = image.png; path = animBegin00.png; sourceTree = "<group>"; };
		3DD58F1B15F3A98C00FB9F3F /* animBegin01.png */ = {isa = PBXFileReference; lastKnownFileType = image.png; path = animBegin01.png; sourceTree = "<group>"; };
		3DD58F1C15F3A98C00FB9F3F /* animBegin02.png */ = {isa = PBXFileReference; lastKnownFileType = image.png; path = animBegin02.png; sourceTree = "<group>"; };
		3DD58F1D15F3A98C00FB9F3F /* animBegin03.png */ = {isa = PBXFileReference; lastKnownFileType = image.png; path = animBegin03.png; sourceTree = "<group>"; };
		3DD58F1E15F3A98C00FB9F3F /* animBegin04.png */ = {isa = PBXFileReference; lastKnownFileType = image.png; path = animBegin04.png; sourceTree = "<group>"; };
		3DD58F1F15F3A98C00FB9F3F /* animBegin05.png */ = {isa = PBXFileReference; lastKnownFileType = image.png; path = animBegin05.png; sourceTree = "<group>"; };
		3DD58F2015F3A98C00FB9F3F /* animBegin06.png */ = {isa = PBXFileReference; lastKnownFileType = image.png; path = animBegin06.png; sourceTree = "<group>"; };
		3DD58F2115F3A98C00FB9F3F /* animBegin07.png */ = {isa = PBXFileReference; lastKnownFileType = image.png; path = animBegin07.png; sourceTree = "<group>"; };
		3DD58F2215F3A98C00FB9F3F /* animBegin08.png */ = {isa = PBXFileReference; lastKnownFileType = image.png; path = animBegin08.png; sourceTree = "<group>"; };
		3DD58F2315F3A98C00FB9F3F /* animBegin09.png */ = {isa = PBXFileReference; lastKnownFileType = image.png; path = animBegin09.png; sourceTree = "<group>"; };
		3DD58F2415F3A98C00FB9F3F /* animBegin10.png */ = {isa = PBXFileReference; lastKnownFileType = image.png; path = animBegin10.png; sourceTree = "<group>"; };
		3DD58F2515F3A98C00FB9F3F /* animBegin11.png */ = {isa = PBXFileReference; lastKnownFileType = image.png; path = animBegin11.png; sourceTree = "<group>"; };
		3DD58F2615F3A98C00FB9F3F /* animBegin12.png */ = {isa = PBXFileReference; lastKnownFileType = image.png; path = animBegin12.png; sourceTree = "<group>"; };
		3DD58F2715F3A98C00FB9F3F /* animBegin13.png */ = {isa = PBXFileReference; lastKnownFileType = image.png; path = animBegin13.png; sourceTree = "<group>"; };
		3DD58F2815F3A98C00FB9F3F /* animBegin14.png */ = {isa = PBXFileReference; lastKnownFileType = image.png; path = animBegin14.png; sourceTree = "<group>"; };
		3DD58F2915F3A98C00FB9F3F /* animBegin15.png */ = {isa = PBXFileReference; lastKnownFileType = image.png; path = animBegin15.png; sourceTree = "<group>"; };
		3DD58F2A15F3A98C00FB9F3F /* animBegin16.png */ = {isa = PBXFileReference; lastKnownFileType = image.png; path = animBegin16.png; sourceTree = "<group>"; };
		3DD58F2B15F3A98C00FB9F3F /* animBegin17.png */ = {isa = PBXFileReference; lastKnownFileType = image.png; path = animBegin17.png; sourceTree = "<group>"; };
		3DD58F2C15F3A98C00FB9F3F /* animBegin18.png */ = {isa = PBXFileReference; lastKnownFileType = image.png; path = animBegin18.png; sourceTree = "<group>"; };
		3DD58F2D15F3A98C00FB9F3F /* animBegin19.png */ = {isa = PBXFileReference; lastKnownFileType = image.png; path = animBegin19.png; sourceTree = "<group>"; };
		3DD58F2E15F3A98C00FB9F3F /* animBegin20.png */ = {isa = PBXFileReference; lastKnownFileType = image.png; path = animBegin20.png; sourceTree = "<group>"; };
		3DD58F2F15F3A98C00FB9F3F /* animBegin21.png */ = {isa = PBXFileReference; lastKnownFileType = image.png; path = animBegin21.png; sourceTree = "<group>"; };
		3DD58F3015F3A98C00FB9F3F /* animBegin22.png */ = {isa = PBXFileReference; lastKnownFileType = image.png; path = animBegin22.png; sourceTree = "<group>"; };
		3DD58F3115F3A98C00FB9F3F /* animBegin23.png */ = {isa = PBXFileReference; lastKnownFileType = image.png; path = animBegin23.png; sourceTree = "<group>"; };
		3DD58F3215F3A98C00FB9F3F /* animBegin24.png */ = {isa = PBXFileReference; lastKnownFileType = image.png; path = animBegin24.png; sourceTree = "<group>"; };
		3DD58F3315F3A98C00FB9F3F /* animBegin25.png */ = {isa = PBXFileReference; lastKnownFileType = image.png; path = animBegin25.png; sourceTree = "<group>"; };
		3DD58F3515F3A98C00FB9F3F /* animFinish00.png */ = {isa = PBXFileReference; lastKnownFileType = image.png; path = animFinish00.png; sourceTree = "<group>"; };
		3DD58F3615F3A98C00FB9F3F /* animFinish01.png */ = {isa = PBXFileReference; lastKnownFileType = image.png; path = animFinish01.png; sourceTree = "<group>"; };
		3DD58F3715F3A98C00FB9F3F /* animFinish02.png */ = {isa = PBXFileReference; lastKnownFileType = image.png; path = animFinish02.png; sourceTree = "<group>"; };
		3DD58F3815F3A98C00FB9F3F /* animFinish03.png */ = {isa = PBXFileReference; lastKnownFileType = image.png; path = animFinish03.png; sourceTree = "<group>"; };
		3DD58F3915F3A98C00FB9F3F /* animFinish04.png */ = {isa = PBXFileReference; lastKnownFileType = image.png; path = animFinish04.png; sourceTree = "<group>"; };
		3DD58F3A15F3A98C00FB9F3F /* animFinish05.png */ = {isa = PBXFileReference; lastKnownFileType = image.png; path = animFinish05.png; sourceTree = "<group>"; };
		3DD58F3B15F3A98C00FB9F3F /* animFinish06.png */ = {isa = PBXFileReference; lastKnownFileType = image.png; path = animFinish06.png; sourceTree = "<group>"; };
		3DD58F3C15F3A98C00FB9F3F /* animFinish07.png */ = {isa = PBXFileReference; lastKnownFileType = image.png; path = animFinish07.png; sourceTree = "<group>"; };
		3DD58F3D15F3A98C00FB9F3F /* animFinish08.png */ = {isa = PBXFileReference; lastKnownFileType = image.png; path = animFinish08.png; sourceTree = "<group>"; };
		3DD58F3E15F3A98C00FB9F3F /* animFinish09.png */ = {isa = PBXFileReference; lastKnownFileType = image.png; path = animFinish09.png; sourceTree = "<group>"; };
		3DD58F3F15F3A98C00FB9F3F /* animFinish10.png */ = {isa = PBXFileReference; lastKnownFileType = image.png; path = animFinish10.png; sourceTree = "<group>"; };
		3DD58F4015F3A98C00FB9F3F /* animFinish11.png */ = {isa = PBXFileReference; lastKnownFileType = image.png; path = animFinish11.png; sourceTree = "<group>"; };
		3DD58F4115F3A98C00FB9F3F /* animFinish12.png */ = {isa = PBXFileReference; lastKnownFileType = image.png; path = animFinish12.png; sourceTree = "<group>"; };
		3DD58F4215F3A98C00FB9F3F /* animFinish13.png */ = {isa = PBXFileReference; lastKnownFileType = image.png; path = animFinish13.png; sourceTree = "<group>"; };
		3DD58F4315F3A98C00FB9F3F /* animFinish14.png */ = {isa = PBXFileReference; lastKnownFileType = image.png; path = animFinish14.png; sourceTree = "<group>"; };
		3DD58F4415F3A98C00FB9F3F /* animFinish15.png */ = {isa = PBXFileReference; lastKnownFileType = image.png; path = animFinish15.png; sourceTree = "<group>"; };
		3DD58F4515F3A98C00FB9F3F /* animFinish16.png */ = {isa = PBXFileReference; lastKnownFileType = image.png; path = animFinish16.png; sourceTree = "<group>"; };
		3DD58F4615F3A98C00FB9F3F /* animFinish17.png */ = {isa = PBXFileReference; lastKnownFileType = image.png; path = animFinish17.png; sourceTree = "<group>"; };
		3DD58F4715F3A98C00FB9F3F /* animFinish18.png */ = {isa = PBXFileReference; lastKnownFileType = image.png; path = animFinish18.png; sourceTree = "<group>"; };
		3DD58F4815F3A98C00FB9F3F /* animFinish19.png */ = {isa = PBXFileReference; lastKnownFileType = image.png; path = animFinish19.png; sourceTree = "<group>"; };
		3DD58F4915F3A98C00FB9F3F /* animFinish20.png */ = {isa = PBXFileReference; lastKnownFileType = image.png; path = animFinish20.png; sourceTree = "<group>"; };
		3DD58F4A15F3A98C00FB9F3F /* animFinish21.png */ = {isa = PBXFileReference; lastKnownFileType = image.png; path = animFinish21.png; sourceTree = "<group>"; };
		3DD58F4B15F3A98C00FB9F3F /* animFinish22.png */ = {isa = PBXFileReference; lastKnownFileType = image.png; path = animFinish22.png; sourceTree = "<group>"; };
		3DD58F4C15F3A98C00FB9F3F /* animFinish23.png */ = {isa = PBXFileReference; lastKnownFileType = image.png; path = animFinish23.png; sourceTree = "<group>"; };
		3DD58F4D15F3A98C00FB9F3F /* animFinish24.png */ = {isa = PBXFileReference; lastKnownFileType = image.png; path = animFinish24.png; sourceTree = "<group>"; };
		3DD58F4E15F3A98C00FB9F3F /* animFinish25.png */ = {isa = PBXFileReference; lastKnownFileType = image.png; path = animFinish25.png; sourceTree = "<group>"; };
		3DD58F4F15F3A98C00FB9F3F /* animFinish26.png */ = {isa = PBXFileReference; lastKnownFileType = image.png; path = animFinish26.png; sourceTree = "<group>"; };
		3DD58F5015F3A98C00FB9F3F /* animFinish27.png */ = {isa = PBXFileReference; lastKnownFileType = image.png; path = animFinish27.png; sourceTree = "<group>"; };
		3DD58F5215F3A98C00FB9F3F /* animSteep00.png */ = {isa = PBXFileReference; lastKnownFileType = image.png; path = animSteep00.png; sourceTree = "<group>"; };
		3DD58F5315F3A98C00FB9F3F /* animSteep01.png */ = {isa = PBXFileReference; lastKnownFileType = image.png; path = animSteep01.png; sourceTree = "<group>"; };
		3DD58F5415F3A98C00FB9F3F /* animSteep02.png */ = {isa = PBXFileReference; lastKnownFileType = image.png; path = animSteep02.png; sourceTree = "<group>"; };
		3DD58F5515F3A98C00FB9F3F /* animSteep03.png */ = {isa = PBXFileReference; lastKnownFileType = image.png; path = animSteep03.png; sourceTree = "<group>"; };
		3DD58F5615F3A98C00FB9F3F /* animSteep04.png */ = {isa = PBXFileReference; lastKnownFileType = image.png; path = animSteep04.png; sourceTree = "<group>"; };
		3DD58F5715F3A98C00FB9F3F /* animSteep05.png */ = {isa = PBXFileReference; lastKnownFileType = image.png; path = animSteep05.png; sourceTree = "<group>"; };
		3DD58F5815F3A98C00FB9F3F /* animSteep06.png */ = {isa = PBXFileReference; lastKnownFileType = image.png; path = animSteep06.png; sourceTree = "<group>"; };
		3DD58F5915F3A98C00FB9F3F /* animSteep07.png */ = {isa = PBXFileReference; lastKnownFileType = image.png; path = animSteep07.png; sourceTree = "<group>"; };
		3DD58F5A15F3A98C00FB9F3F /* animSteep08.png */ = {isa = PBXFileReference; lastKnownFileType = image.png; path = animSteep08.png; sourceTree = "<group>"; };
		3DD58F5B15F3A98C00FB9F3F /* animSteep09.png */ = {isa = PBXFileReference; lastKnownFileType = image.png; path = animSteep09.png; sourceTree = "<group>"; };
		3DD58F5C15F3A98C00FB9F3F /* animSteep10.png */ = {isa = PBXFileReference; lastKnownFileType = image.png; path = animSteep10.png; sourceTree = "<group>"; };
		3DD58F5D15F3A98C00FB9F3F /* animSteep11.png */ = {isa = PBXFileReference; lastKnownFileType = image.png; path = animSteep11.png; sourceTree = "<group>"; };
		3DD58F5E15F3A98C00FB9F3F /* animSteep12.png */ = {isa = PBXFileReference; lastKnownFileType = image.png; path = animSteep12.png; sourceTree = "<group>"; };
		3DD58F5F15F3A98C00FB9F3F /* animSteep13.png */ = {isa = PBXFileReference; lastKnownFileType = image.png; path = animSteep13.png; sourceTree = "<group>"; };
		3DD58F6015F3A98C00FB9F3F /* animSteep14.png */ = {isa = PBXFileReference; lastKnownFileType = image.png; path = animSteep14.png; sourceTree = "<group>"; };
		3DD58F6115F3A98C00FB9F3F /* animSteep15.png */ = {isa = PBXFileReference; lastKnownFileType = image.png; path = animSteep15.png; sourceTree = "<group>"; };
		3DD58F6215F3A98C00FB9F3F /* animSteep16.png */ = {isa = PBXFileReference; lastKnownFileType = image.png; path = animSteep16.png; sourceTree = "<group>"; };
		3DD58F6315F3A98C00FB9F3F /* animSteep17.png */ = {isa = PBXFileReference; lastKnownFileType = image.png; path = animSteep17.png; sourceTree = "<group>"; };
		3DD58F6415F3A98C00FB9F3F /* animSteep18.png */ = {isa = PBXFileReference; lastKnownFileType = image.png; path = animSteep18.png; sourceTree = "<group>"; };
		3DD58F6515F3A98C00FB9F3F /* animSteep19.png */ = {isa = PBXFileReference; lastKnownFileType = image.png; path = animSteep19.png; sourceTree = "<group>"; };
		3DD58F6615F3A98C00FB9F3F /* animSteep20.png */ = {isa = PBXFileReference; lastKnownFileType = image.png; path = animSteep20.png; sourceTree = "<group>"; };
		3DD58F6815F3A98C00FB9F3F /* animStir00.png */ = {isa = PBXFileReference; lastKnownFileType = image.png; path = animStir00.png; sourceTree = "<group>"; };
		3DD58F6915F3A98C00FB9F3F /* animStir01.png */ = {isa = PBXFileReference; lastKnownFileType = image.png; path = animStir01.png; sourceTree = "<group>"; };
		3DD58F6A15F3A98C00FB9F3F /* animStir02.png */ = {isa = PBXFileReference; lastKnownFileType = image.png; path = animStir02.png; sourceTree = "<group>"; };
		3DD58F6B15F3A98C00FB9F3F /* animStir03.png */ = {isa = PBXFileReference; lastKnownFileType = image.png; path = animStir03.png; sourceTree = "<group>"; };
		3DD58F6C15F3A98C00FB9F3F /* animStir04.png */ = {isa = PBXFileReference; lastKnownFileType = image.png; path = animStir04.png; sourceTree = "<group>"; };
		3DD58F6D15F3A98C00FB9F3F /* animStir05.png */ = {isa = PBXFileReference; lastKnownFileType = image.png; path = animStir05.png; sourceTree = "<group>"; };
		3DD58F6E15F3A98C00FB9F3F /* animStir06.png */ = {isa = PBXFileReference; lastKnownFileType = image.png; path = animStir06.png; sourceTree = "<group>"; };
		3DD58F6F15F3A98C00FB9F3F /* animStir07.png */ = {isa = PBXFileReference; lastKnownFileType = image.png; path = animStir07.png; sourceTree = "<group>"; };
		3DD58F7015F3A98C00FB9F3F /* animStir08.png */ = {isa = PBXFileReference; lastKnownFileType = image.png; path = animStir08.png; sourceTree = "<group>"; };
		3DD58F7115F3A98C00FB9F3F /* animStir09.png */ = {isa = PBXFileReference; lastKnownFileType = image.png; path = animStir09.png; sourceTree = "<group>"; };
		3DD58F7215F3A98C00FB9F3F /* animStir10.png */ = {isa = PBXFileReference; lastKnownFileType = image.png; path = animStir10.png; sourceTree = "<group>"; };
		3DD58F7315F3A98C00FB9F3F /* animStir11.png */ = {isa = PBXFileReference; lastKnownFileType = image.png; path = animStir11.png; sourceTree = "<group>"; };
		3DD58F7415F3A98C00FB9F3F /* animStir12.png */ = {isa = PBXFileReference; lastKnownFileType = image.png; path = animStir12.png; sourceTree = "<group>"; };
		3DD58F7515F3A98C00FB9F3F /* animStir13.png */ = {isa = PBXFileReference; lastKnownFileType = image.png; path = animStir13.png; sourceTree = "<group>"; };
		3DD58F7615F3A98C00FB9F3F /* animStir14.png */ = {isa = PBXFileReference; lastKnownFileType = image.png; path = animStir14.png; sourceTree = "<group>"; };
		3DD58F7715F3A98C00FB9F3F /* backgroundPSD.png */ = {isa = PBXFileReference; lastKnownFileType = image.png; path = backgroundPSD.png; sourceTree = "<group>"; };
		3DD58F7815F3A98C00FB9F3F /* coffeeFinished.wav */ = {isa = PBXFileReference; lastKnownFileType = audio.wav; path = coffeeFinished.wav; sourceTree = "<group>"; };
		3DD58F7915F3A98C00FB9F3F /* coffeeStarted.wav */ = {isa = PBXFileReference; lastKnownFileType = audio.wav; path = coffeeStarted.wav; sourceTree = "<group>"; };
		3DD58F7A15F3A98C00FB9F3F /* Default.png */ = {isa = PBXFileReference; lastKnownFileType = image.png; path = Default.png; sourceTree = "<group>"; };
		3DD58F7B15F3A98C00FB9F3F /* Default@2x.png */ = {isa = PBXFileReference; lastKnownFileType = image.png; path = "Default@2x.png"; sourceTree = "<group>"; };
		3DD58F7C15F3A98C00FB9F3F /* fbegin_1.png */ = {isa = PBXFileReference; lastKnownFileType = image.png; path = fbegin_1.png; sourceTree = "<group>"; };
		3DD58F7D15F3A98C00FB9F3F /* ffinish_4.png */ = {isa = PBXFileReference; lastKnownFileType = image.png; path = ffinish_4.png; sourceTree = "<group>"; };
		3DD58F7E15F3A98C00FB9F3F /* fpour_5.png */ = {isa = PBXFileReference; lastKnownFileType = image.png; path = fpour_5.png; sourceTree = "<group>"; };
		3DD58F7F15F3A98C00FB9F3F /* fsteep_3.png */ = {isa = PBXFileReference; lastKnownFileType = image.png; path = fsteep_3.png; sourceTree = "<group>"; };
		3DD58F8015F3A98C00FB9F3F /* fstir_2.png */ = {isa = PBXFileReference; lastKnownFileType = image.png; path = fstir_2.png; sourceTree = "<group>"; };
		3DD58F8115F3A98C00FB9F3F /* Icon.png */ = {isa = PBXFileReference; lastKnownFileType = image.png; path = Icon.png; sourceTree = "<group>"; };
		3DD58F8215F3A98C00FB9F3F /* Icon@2x.png */ = {isa = PBXFileReference; lastKnownFileType = image.png; path = "Icon@2x.png"; sourceTree = "<group>"; };
		3DD58F8315F3A98C00FB9F3F /* slideButtonPSD.png */ = {isa = PBXFileReference; lastKnownFileType = image.png; path = slideButtonPSD.png; sourceTree = "<group>"; };
		3DD58F8415F3A98C00FB9F3F /* sliderMaxMin-02.png */ = {isa = PBXFileReference; lastKnownFileType = image.png; path = "sliderMaxMin-02.png"; sourceTree = "<group>"; };
		3DD58F8515F3A98C00FB9F3F /* slideWall.png */ = {isa = PBXFileReference; lastKnownFileType = image.png; path = slideWall.png; sourceTree = "<group>"; };
		3DD58F8615F3A98C00FB9F3F /* timerBackground.png */ = {isa = PBXFileReference; lastKnownFileType = image.png; path = timerBackground.png; sourceTree = "<group>"; };
		3DD58FF215F3B66900FB9F3F /* fempty_0.png */ = {isa = PBXFileReference; lastKnownFileType = image.png; path = fempty_0.png; sourceTree = "<group>"; };
/* End PBXFileReference section */

/* Begin PBXFrameworksBuildPhase section */
		3DD58EE915F3A66200FB9F3F /* Frameworks */ = {
			isa = PBXFrameworksBuildPhase;
			buildActionMask = 2147483647;
			files = (
				3D756C6115FBB3CF00F5EB01 /* MessageUI.framework in Frameworks */,
				3DD58F1015F3A6FF00FB9F3F /* QuartzCore.framework in Frameworks */,
				3DD58F0E15F3A6FA00FB9F3F /* AudioToolbox.framework in Frameworks */,
				3DD58EF115F3A66200FB9F3F /* UIKit.framework in Frameworks */,
				3DD58EF315F3A66200FB9F3F /* Foundation.framework in Frameworks */,
				3DD58EF515F3A66200FB9F3F /* CoreGraphics.framework in Frameworks */,
			);
			runOnlyForDeploymentPostprocessing = 0;
		};
/* End PBXFrameworksBuildPhase section */

/* Begin PBXGroup section */
		3D756C6915FBB72000F5EB01 /* InAppSettingsKit */ = {
			isa = PBXGroup;
			children = (
				3D756C6A15FBB72000F5EB01 /* Controllers */,
				3D756C7215FBB72000F5EB01 /* Models */,
				3D756C7D15FBB72000F5EB01 /* Views */,
			);
			path = InAppSettingsKit;
			sourceTree = "<group>";
		};
		3D756C6A15FBB72000F5EB01 /* Controllers */ = {
			isa = PBXGroup;
			children = (
				3D756C6B15FBB72000F5EB01 /* IASKAppSettingsViewController.h */,
				3D756C6C15FBB72000F5EB01 /* IASKAppSettingsViewController.m */,
				3D756C6D15FBB72000F5EB01 /* IASKAppSettingsWebViewController.h */,
				3D756C6E15FBB72000F5EB01 /* IASKAppSettingsWebViewController.m */,
				3D756C6F15FBB72000F5EB01 /* IASKSpecifierValuesViewController.h */,
				3D756C7015FBB72000F5EB01 /* IASKSpecifierValuesViewController.m */,
				3D756C7115FBB72000F5EB01 /* IASKViewController.h */,
			);
			path = Controllers;
			sourceTree = "<group>";
		};
		3D756C7215FBB72000F5EB01 /* Models */ = {
			isa = PBXGroup;
			children = (
				3D756C7315FBB72000F5EB01 /* IASKSettingsReader.h */,
				3D756C7415FBB72000F5EB01 /* IASKSettingsReader.m */,
				3D756C7515FBB72000F5EB01 /* IASKSettingsStore.h */,
				3D756C7615FBB72000F5EB01 /* IASKSettingsStore.m */,
				3D756C7715FBB72000F5EB01 /* IASKSettingsStoreFile.h */,
				3D756C7815FBB72000F5EB01 /* IASKSettingsStoreFile.m */,
				3D756C7915FBB72000F5EB01 /* IASKSettingsStoreUserDefaults.h */,
				3D756C7A15FBB72000F5EB01 /* IASKSettingsStoreUserDefaults.m */,
				3D756C7B15FBB72000F5EB01 /* IASKSpecifier.h */,
				3D756C7C15FBB72000F5EB01 /* IASKSpecifier.m */,
			);
			path = Models;
			sourceTree = "<group>";
		};
		3D756C7D15FBB72000F5EB01 /* Views */ = {
			isa = PBXGroup;
			children = (
				3D756C7E15FBB72000F5EB01 /* IASKPSSliderSpecifierViewCell.h */,
				3D756C7F15FBB72000F5EB01 /* IASKPSSliderSpecifierViewCell.m */,
				3D756C8015FBB72000F5EB01 /* IASKPSTextFieldSpecifierViewCell.h */,
				3D756C8115FBB72000F5EB01 /* IASKPSTextFieldSpecifierViewCell.m */,
				3D756C8215FBB72000F5EB01 /* IASKPSTitleValueSpecifierViewCell.h */,
				3D756C8315FBB72000F5EB01 /* IASKPSTitleValueSpecifierViewCell.m */,
				3D756C8415FBB72000F5EB01 /* IASKSlider.h */,
				3D756C8515FBB72000F5EB01 /* IASKSlider.m */,
				3D756C8615FBB72000F5EB01 /* IASKSwitch.h */,
				3D756C8715FBB72000F5EB01 /* IASKSwitch.m */,
				3D756C8815FBB72000F5EB01 /* IASKTextField.h */,
				3D756C8915FBB72000F5EB01 /* IASKTextField.m */,
			);
			path = Views;
			sourceTree = "<group>";
		};
		3DD58EE115F3A66200FB9F3F = {
			isa = PBXGroup;
			children = (
				3DD58EF615F3A66200FB9F3F /* FrenchPress */,
				3DD58FF115F3A9A400FB9F3F /* Assets */,
				3DD58EEF15F3A66200FB9F3F /* Frameworks */,
				3DD58EED15F3A66200FB9F3F /* Products */,
			);
			sourceTree = "<group>";
		};
		3DD58EED15F3A66200FB9F3F /* Products */ = {
			isa = PBXGroup;
			children = (
				3DD58EEC15F3A66200FB9F3F /* FrenchPress.app */,
			);
			name = Products;
			sourceTree = "<group>";
		};
		3DD58EEF15F3A66200FB9F3F /* Frameworks */ = {
			isa = PBXGroup;
			children = (
				3D756C6015FBB3CF00F5EB01 /* MessageUI.framework */,
				3DD58F0F15F3A6FF00FB9F3F /* QuartzCore.framework */,
				3DD58F0D15F3A6FA00FB9F3F /* AudioToolbox.framework */,
				3DD58EF015F3A66200FB9F3F /* UIKit.framework */,
				3DD58EF215F3A66200FB9F3F /* Foundation.framework */,
				3DD58EF415F3A66200FB9F3F /* CoreGraphics.framework */,
			);
			name = Frameworks;
			sourceTree = "<group>";
		};
		3DD58EF615F3A66200FB9F3F /* FrenchPress */ = {
			isa = PBXGroup;
			children = (
				3D756C6915FBB72000F5EB01 /* InAppSettingsKit */,
				3D29E7E91600EC2300294250 /* Constants.h */,
				3D29E7EA1601440700294250 /* Constants.m */,
				3D51529A160397370051F921 /* UIDevice+Resolutions.m */,
				3D51529C1603973D0051F921 /* UIDevice+Resolutions.h */,
				3DD58F1515F3A94D00FB9F3F /* SlideToCancelViewController.h */,
				3DD58F1615F3A94D00FB9F3F /* SlideToCancelViewController.m */,
				3DD58EFF15F3A66200FB9F3F /* FrenchpressAppDelegate.h */,
				3DD58F0015F3A66300FB9F3F /* FrenchpressAppDelegate.m */,
				3D055BB815F7FAEA005FDF55 /* AnimUIImageView.h */,
				3D055BB915F7FAEA005FDF55 /* AnimUIImageView.m */,
				3DD58F0215F3A66300FB9F3F /* FrenchpressViewController.h */,
				3DD58F0315F3A66300FB9F3F /* FrenchpressViewController.m */,
				3DD58F0515F3A66300FB9F3F /* FrenchpressViewController.xib */,
				3DD58EF715F3A66200FB9F3F /* Supporting Files */,
			);
			path = FrenchPress;
			sourceTree = "<group>";
		};
		3DD58EF715F3A66200FB9F3F /* Supporting Files */ = {
			isa = PBXGroup;
			children = (
				3D30549F1600DE3F00174167 /* InAppSettings.bundle */,
				3DD58EF815F3A66200FB9F3F /* FrenchPress-Info.plist */,
				3DD58EF915F3A66200FB9F3F /* InfoPlist.strings */,
				3DD58EFC15F3A66200FB9F3F /* main.m */,
				3DD58EFE15F3A66200FB9F3F /* FrenchPress-Prefix.pch */,
			);
			name = "Supporting Files";
			sourceTree = "<group>";
		};
		3DD58F1915F3A98C00FB9F3F /* animBegin */ = {
			isa = PBXGroup;
			children = (
				3DD58F1A15F3A98C00FB9F3F /* animBegin00.png */,
				3DD58F1B15F3A98C00FB9F3F /* animBegin01.png */,
				3DD58F1C15F3A98C00FB9F3F /* animBegin02.png */,
				3DD58F1D15F3A98C00FB9F3F /* animBegin03.png */,
				3DD58F1E15F3A98C00FB9F3F /* animBegin04.png */,
				3DD58F1F15F3A98C00FB9F3F /* animBegin05.png */,
				3DD58F2015F3A98C00FB9F3F /* animBegin06.png */,
				3DD58F2115F3A98C00FB9F3F /* animBegin07.png */,
				3DD58F2215F3A98C00FB9F3F /* animBegin08.png */,
				3DD58F2315F3A98C00FB9F3F /* animBegin09.png */,
				3DD58F2415F3A98C00FB9F3F /* animBegin10.png */,
				3DD58F2515F3A98C00FB9F3F /* animBegin11.png */,
				3DD58F2615F3A98C00FB9F3F /* animBegin12.png */,
				3DD58F2715F3A98C00FB9F3F /* animBegin13.png */,
				3DD58F2815F3A98C00FB9F3F /* animBegin14.png */,
				3DD58F2915F3A98C00FB9F3F /* animBegin15.png */,
				3DD58F2A15F3A98C00FB9F3F /* animBegin16.png */,
				3DD58F2B15F3A98C00FB9F3F /* animBegin17.png */,
				3DD58F2C15F3A98C00FB9F3F /* animBegin18.png */,
				3DD58F2D15F3A98C00FB9F3F /* animBegin19.png */,
				3DD58F2E15F3A98C00FB9F3F /* animBegin20.png */,
				3DD58F2F15F3A98C00FB9F3F /* animBegin21.png */,
				3DD58F3015F3A98C00FB9F3F /* animBegin22.png */,
				3DD58F3115F3A98C00FB9F3F /* animBegin23.png */,
				3DD58F3215F3A98C00FB9F3F /* animBegin24.png */,
				3DD58F3315F3A98C00FB9F3F /* animBegin25.png */,
			);
			path = animBegin;
			sourceTree = "<group>";
		};
		3DD58F3415F3A98C00FB9F3F /* animFinish */ = {
			isa = PBXGroup;
			children = (
				3DD58F3515F3A98C00FB9F3F /* animFinish00.png */,
				3DD58F3615F3A98C00FB9F3F /* animFinish01.png */,
				3DD58F3715F3A98C00FB9F3F /* animFinish02.png */,
				3DD58F3815F3A98C00FB9F3F /* animFinish03.png */,
				3DD58F3915F3A98C00FB9F3F /* animFinish04.png */,
				3DD58F3A15F3A98C00FB9F3F /* animFinish05.png */,
				3DD58F3B15F3A98C00FB9F3F /* animFinish06.png */,
				3DD58F3C15F3A98C00FB9F3F /* animFinish07.png */,
				3DD58F3D15F3A98C00FB9F3F /* animFinish08.png */,
				3DD58F3E15F3A98C00FB9F3F /* animFinish09.png */,
				3DD58F3F15F3A98C00FB9F3F /* animFinish10.png */,
				3DD58F4015F3A98C00FB9F3F /* animFinish11.png */,
				3DD58F4115F3A98C00FB9F3F /* animFinish12.png */,
				3DD58F4215F3A98C00FB9F3F /* animFinish13.png */,
				3DD58F4315F3A98C00FB9F3F /* animFinish14.png */,
				3DD58F4415F3A98C00FB9F3F /* animFinish15.png */,
				3DD58F4515F3A98C00FB9F3F /* animFinish16.png */,
				3DD58F4615F3A98C00FB9F3F /* animFinish17.png */,
				3DD58F4715F3A98C00FB9F3F /* animFinish18.png */,
				3DD58F4815F3A98C00FB9F3F /* animFinish19.png */,
				3DD58F4915F3A98C00FB9F3F /* animFinish20.png */,
				3DD58F4A15F3A98C00FB9F3F /* animFinish21.png */,
				3DD58F4B15F3A98C00FB9F3F /* animFinish22.png */,
				3DD58F4C15F3A98C00FB9F3F /* animFinish23.png */,
				3DD58F4D15F3A98C00FB9F3F /* animFinish24.png */,
				3DD58F4E15F3A98C00FB9F3F /* animFinish25.png */,
				3DD58F4F15F3A98C00FB9F3F /* animFinish26.png */,
				3DD58F5015F3A98C00FB9F3F /* animFinish27.png */,
			);
			path = animFinish;
			sourceTree = "<group>";
		};
		3DD58F5115F3A98C00FB9F3F /* animSteep */ = {
			isa = PBXGroup;
			children = (
				3DD58F5215F3A98C00FB9F3F /* animSteep00.png */,
				3DD58F5315F3A98C00FB9F3F /* animSteep01.png */,
				3DD58F5415F3A98C00FB9F3F /* animSteep02.png */,
				3DD58F5515F3A98C00FB9F3F /* animSteep03.png */,
				3DD58F5615F3A98C00FB9F3F /* animSteep04.png */,
				3DD58F5715F3A98C00FB9F3F /* animSteep05.png */,
				3DD58F5815F3A98C00FB9F3F /* animSteep06.png */,
				3DD58F5915F3A98C00FB9F3F /* animSteep07.png */,
				3DD58F5A15F3A98C00FB9F3F /* animSteep08.png */,
				3DD58F5B15F3A98C00FB9F3F /* animSteep09.png */,
				3DD58F5C15F3A98C00FB9F3F /* animSteep10.png */,
				3DD58F5D15F3A98C00FB9F3F /* animSteep11.png */,
				3DD58F5E15F3A98C00FB9F3F /* animSteep12.png */,
				3DD58F5F15F3A98C00FB9F3F /* animSteep13.png */,
				3DD58F6015F3A98C00FB9F3F /* animSteep14.png */,
				3DD58F6115F3A98C00FB9F3F /* animSteep15.png */,
				3DD58F6215F3A98C00FB9F3F /* animSteep16.png */,
				3DD58F6315F3A98C00FB9F3F /* animSteep17.png */,
				3DD58F6415F3A98C00FB9F3F /* animSteep18.png */,
				3DD58F6515F3A98C00FB9F3F /* animSteep19.png */,
				3DD58F6615F3A98C00FB9F3F /* animSteep20.png */,
			);
			path = animSteep;
			sourceTree = "<group>";
		};
		3DD58F6715F3A98C00FB9F3F /* animStir */ = {
			isa = PBXGroup;
			children = (
				3DD58F6815F3A98C00FB9F3F /* animStir00.png */,
				3DD58F6915F3A98C00FB9F3F /* animStir01.png */,
				3DD58F6A15F3A98C00FB9F3F /* animStir02.png */,
				3DD58F6B15F3A98C00FB9F3F /* animStir03.png */,
				3DD58F6C15F3A98C00FB9F3F /* animStir04.png */,
				3DD58F6D15F3A98C00FB9F3F /* animStir05.png */,
				3DD58F6E15F3A98C00FB9F3F /* animStir06.png */,
				3DD58F6F15F3A98C00FB9F3F /* animStir07.png */,
				3DD58F7015F3A98C00FB9F3F /* animStir08.png */,
				3DD58F7115F3A98C00FB9F3F /* animStir09.png */,
				3DD58F7215F3A98C00FB9F3F /* animStir10.png */,
				3DD58F7315F3A98C00FB9F3F /* animStir11.png */,
				3DD58F7415F3A98C00FB9F3F /* animStir12.png */,
				3DD58F7515F3A98C00FB9F3F /* animStir13.png */,
				3DD58F7615F3A98C00FB9F3F /* animStir14.png */,
			);
			path = animStir;
			sourceTree = "<group>";
		};
		3DD58FF115F3A9A400FB9F3F /* Assets */ = {
			isa = PBXGroup;
			children = (
				3DD58F1915F3A98C00FB9F3F /* animBegin */,
				3DD58F3415F3A98C00FB9F3F /* animFinish */,
				3DD58F5115F3A98C00FB9F3F /* animSteep */,
				3DD58F6715F3A98C00FB9F3F /* animStir */,
				3DD58F7715F3A98C00FB9F3F /* backgroundPSD.png */,
				3D29E7EE16021FF800294250 /* settingsGear@2x.png */,
				3DD58F7815F3A98C00FB9F3F /* coffeeFinished.wav */,
				3DD58F7915F3A98C00FB9F3F /* coffeeStarted.wav */,
				3DD58F7A15F3A98C00FB9F3F /* Default.png */,
				3DD58F7B15F3A98C00FB9F3F /* Default@2x.png */,
				3D515294160390C00051F921 /* Default-568h@2x.png */,
				3DD58FF215F3B66900FB9F3F /* fempty_0.png */,
				3DD58F7C15F3A98C00FB9F3F /* fbegin_1.png */,
				3DD58F7D15F3A98C00FB9F3F /* ffinish_4.png */,
				3DD58F7E15F3A98C00FB9F3F /* fpour_5.png */,
				3DD58F7F15F3A98C00FB9F3F /* fsteep_3.png */,
				3DD58F8015F3A98C00FB9F3F /* fstir_2.png */,
				3DD58F8115F3A98C00FB9F3F /* Icon.png */,
				3DD58F8215F3A98C00FB9F3F /* Icon@2x.png */,
				3DD58F8315F3A98C00FB9F3F /* slideButtonPSD.png */,
				3DD58F8415F3A98C00FB9F3F /* sliderMaxMin-02.png */,
				3DD58F8515F3A98C00FB9F3F /* slideWall.png */,
				3DD58F8615F3A98C00FB9F3F /* timerBackground.png */,
			);
			name = Assets;
			sourceTree = "<group>";
		};
/* End PBXGroup section */

/* Begin PBXNativeTarget section */
		3DD58EEB15F3A66200FB9F3F /* FrenchPress */ = {
			isa = PBXNativeTarget;
			buildConfigurationList = 3DD58F0A15F3A66300FB9F3F /* Build configuration list for PBXNativeTarget "FrenchPress" */;
			buildPhases = (
				3DD58EE815F3A66200FB9F3F /* Sources */,
				3DD58EE915F3A66200FB9F3F /* Frameworks */,
				3DD58EEA15F3A66200FB9F3F /* Resources */,
			);
			buildRules = (
			);
			dependencies = (
			);
			name = FrenchPress;
			productName = FrenchPress;
			productReference = 3DD58EEC15F3A66200FB9F3F /* FrenchPress.app */;
			productType = "com.apple.product-type.application";
		};
/* End PBXNativeTarget section */

/* Begin PBXProject section */
		3DD58EE315F3A66200FB9F3F /* Project object */ = {
			isa = PBXProject;
			attributes = {
				CLASSPREFIX = Frenchpress;
				LastUpgradeCheck = 0440;
				ORGANIZATIONNAME = "Fatih Arslan";
			};
			buildConfigurationList = 3DD58EE615F3A66200FB9F3F /* Build configuration list for PBXProject "FrenchPress" */;
			compatibilityVersion = "Xcode 3.2";
			developmentRegion = English;
			hasScannedForEncodings = 0;
			knownRegions = (
				en,
				de,
				fr,
			);
			mainGroup = 3DD58EE115F3A66200FB9F3F;
			productRefGroup = 3DD58EED15F3A66200FB9F3F /* Products */;
			projectDirPath = "";
			projectRoot = "";
			targets = (
				3DD58EEB15F3A66200FB9F3F /* FrenchPress */,
			);
		};
/* End PBXProject section */

/* Begin PBXResourcesBuildPhase section */
		3DD58EEA15F3A66200FB9F3F /* Resources */ = {
			isa = PBXResourcesBuildPhase;
			buildActionMask = 2147483647;
			files = (
				3DD58EFB15F3A66200FB9F3F /* InfoPlist.strings in Resources */,
				3DD58F0715F3A66300FB9F3F /* FrenchpressViewController.xib in Resources */,
				3DD58F8715F3A98D00FB9F3F /* animBegin00.png in Resources */,
				3DD58F8815F3A98D00FB9F3F /* animBegin01.png in Resources */,
				3DD58F8915F3A98D00FB9F3F /* animBegin02.png in Resources */,
				3DD58F8A15F3A98D00FB9F3F /* animBegin03.png in Resources */,
				3DD58F8B15F3A98D00FB9F3F /* animBegin04.png in Resources */,
				3DD58F8C15F3A98D00FB9F3F /* animBegin05.png in Resources */,
				3DD58F8D15F3A98D00FB9F3F /* animBegin06.png in Resources */,
				3DD58F8E15F3A98D00FB9F3F /* animBegin07.png in Resources */,
				3DD58F8F15F3A98D00FB9F3F /* animBegin08.png in Resources */,
				3DD58F9015F3A98D00FB9F3F /* animBegin09.png in Resources */,
				3DD58F9115F3A98D00FB9F3F /* animBegin10.png in Resources */,
				3DD58F9215F3A98D00FB9F3F /* animBegin11.png in Resources */,
				3DD58F9315F3A98D00FB9F3F /* animBegin12.png in Resources */,
				3DD58F9415F3A98D00FB9F3F /* animBegin13.png in Resources */,
				3DD58F9515F3A98D00FB9F3F /* animBegin14.png in Resources */,
				3DD58F9615F3A98D00FB9F3F /* animBegin15.png in Resources */,
				3DD58F9715F3A98D00FB9F3F /* animBegin16.png in Resources */,
				3DD58F9815F3A98D00FB9F3F /* animBegin17.png in Resources */,
				3DD58F9915F3A98D00FB9F3F /* animBegin18.png in Resources */,
				3DD58F9A15F3A98D00FB9F3F /* animBegin19.png in Resources */,
				3DD58F9B15F3A98D00FB9F3F /* animBegin20.png in Resources */,
				3DD58F9C15F3A98D00FB9F3F /* animBegin21.png in Resources */,
				3DD58F9D15F3A98D00FB9F3F /* animBegin22.png in Resources */,
				3DD58F9E15F3A98D00FB9F3F /* animBegin23.png in Resources */,
				3DD58F9F15F3A98D00FB9F3F /* animBegin24.png in Resources */,
				3DD58FA015F3A98D00FB9F3F /* animBegin25.png in Resources */,
				3DD58FA115F3A98D00FB9F3F /* animFinish00.png in Resources */,
				3DD58FA215F3A98D00FB9F3F /* animFinish01.png in Resources */,
				3DD58FA315F3A98D00FB9F3F /* animFinish02.png in Resources */,
				3DD58FA415F3A98D00FB9F3F /* animFinish03.png in Resources */,
				3DD58FA515F3A98D00FB9F3F /* animFinish04.png in Resources */,
				3DD58FA615F3A98D00FB9F3F /* animFinish05.png in Resources */,
				3DD58FA715F3A98D00FB9F3F /* animFinish06.png in Resources */,
				3DD58FA815F3A98D00FB9F3F /* animFinish07.png in Resources */,
				3DD58FA915F3A98D00FB9F3F /* animFinish08.png in Resources */,
				3DD58FAA15F3A98D00FB9F3F /* animFinish09.png in Resources */,
				3DD58FAB15F3A98D00FB9F3F /* animFinish10.png in Resources */,
				3DD58FAC15F3A98D00FB9F3F /* animFinish11.png in Resources */,
				3DD58FAD15F3A98D00FB9F3F /* animFinish12.png in Resources */,
				3DD58FAE15F3A98D00FB9F3F /* animFinish13.png in Resources */,
				3DD58FAF15F3A98D00FB9F3F /* animFinish14.png in Resources */,
				3DD58FB015F3A98D00FB9F3F /* animFinish15.png in Resources */,
				3DD58FB115F3A98D00FB9F3F /* animFinish16.png in Resources */,
				3DD58FB215F3A98D00FB9F3F /* animFinish17.png in Resources */,
				3DD58FB315F3A98D00FB9F3F /* animFinish18.png in Resources */,
				3DD58FB415F3A98D00FB9F3F /* animFinish19.png in Resources */,
				3DD58FB515F3A98D00FB9F3F /* animFinish20.png in Resources */,
				3DD58FB615F3A98D00FB9F3F /* animFinish21.png in Resources */,
				3DD58FB715F3A98D00FB9F3F /* animFinish22.png in Resources */,
				3DD58FB815F3A98D00FB9F3F /* animFinish23.png in Resources */,
				3DD58FB915F3A98D00FB9F3F /* animFinish24.png in Resources */,
				3DD58FBA15F3A98D00FB9F3F /* animFinish25.png in Resources */,
				3DD58FBB15F3A98D00FB9F3F /* animFinish26.png in Resources */,
				3DD58FBC15F3A98D00FB9F3F /* animFinish27.png in Resources */,
				3DD58FBD15F3A98D00FB9F3F /* animSteep00.png in Resources */,
				3DD58FBE15F3A98D00FB9F3F /* animSteep01.png in Resources */,
				3DD58FBF15F3A98D00FB9F3F /* animSteep02.png in Resources */,
				3DD58FC015F3A98D00FB9F3F /* animSteep03.png in Resources */,
				3DD58FC115F3A98D00FB9F3F /* animSteep04.png in Resources */,
				3DD58FC215F3A98D00FB9F3F /* animSteep05.png in Resources */,
				3DD58FC315F3A98D00FB9F3F /* animSteep06.png in Resources */,
				3DD58FC415F3A98D00FB9F3F /* animSteep07.png in Resources */,
				3DD58FC515F3A98D00FB9F3F /* animSteep08.png in Resources */,
				3DD58FC615F3A98D00FB9F3F /* animSteep09.png in Resources */,
				3DD58FC715F3A98D00FB9F3F /* animSteep10.png in Resources */,
				3DD58FC815F3A98D00FB9F3F /* animSteep11.png in Resources */,
				3DD58FC915F3A98D00FB9F3F /* animSteep12.png in Resources */,
				3DD58FCA15F3A98D00FB9F3F /* animSteep13.png in Resources */,
				3DD58FCB15F3A98D00FB9F3F /* animSteep14.png in Resources */,
				3DD58FCC15F3A98D00FB9F3F /* animSteep15.png in Resources */,
				3DD58FCD15F3A98D00FB9F3F /* animSteep16.png in Resources */,
				3DD58FCE15F3A98D00FB9F3F /* animSteep17.png in Resources */,
				3DD58FCF15F3A98D00FB9F3F /* animSteep18.png in Resources */,
				3DD58FD015F3A98D00FB9F3F /* animSteep19.png in Resources */,
				3DD58FD115F3A98D00FB9F3F /* animSteep20.png in Resources */,
				3DD58FD215F3A98D00FB9F3F /* animStir00.png in Resources */,
				3DD58FD315F3A98D00FB9F3F /* animStir01.png in Resources */,
				3DD58FD415F3A98D00FB9F3F /* animStir02.png in Resources */,
				3DD58FD515F3A98D00FB9F3F /* animStir03.png in Resources */,
				3DD58FD615F3A98D00FB9F3F /* animStir04.png in Resources */,
				3DD58FD715F3A98D00FB9F3F /* animStir05.png in Resources */,
				3DD58FD815F3A98D00FB9F3F /* animStir06.png in Resources */,
				3DD58FD915F3A98D00FB9F3F /* animStir07.png in Resources */,
				3DD58FDA15F3A98D00FB9F3F /* animStir08.png in Resources */,
				3DD58FDB15F3A98D00FB9F3F /* animStir09.png in Resources */,
				3DD58FDC15F3A98D00FB9F3F /* animStir10.png in Resources */,
				3DD58FDD15F3A98D00FB9F3F /* animStir11.png in Resources */,
				3DD58FDE15F3A98D00FB9F3F /* animStir12.png in Resources */,
				3DD58FDF15F3A98D00FB9F3F /* animStir13.png in Resources */,
				3DD58FE015F3A98D00FB9F3F /* animStir14.png in Resources */,
				3DD58FE115F3A98D00FB9F3F /* backgroundPSD.png in Resources */,
				3DD58FE215F3A98D00FB9F3F /* coffeeFinished.wav in Resources */,
				3DD58FE315F3A98D00FB9F3F /* coffeeStarted.wav in Resources */,
				3DD58FEC15F3A98D00FB9F3F /* Icon@2x.png in Resources */,
				3DD58FE615F3A98D00FB9F3F /* fbegin_1.png in Resources */,
				3DD58FE715F3A98D00FB9F3F /* ffinish_4.png in Resources */,
				3DD58FE815F3A98D00FB9F3F /* fpour_5.png in Resources */,
				3DD58FE915F3A98D00FB9F3F /* fsteep_3.png in Resources */,
				3DD58FEA15F3A98D00FB9F3F /* fstir_2.png in Resources */,
				3DD58FEB15F3A98D00FB9F3F /* Icon.png in Resources */,
				3DD58FED15F3A98D00FB9F3F /* slideButtonPSD.png in Resources */,
				3DD58FEE15F3A98D00FB9F3F /* sliderMaxMin-02.png in Resources */,
				3DD58FEF15F3A98D00FB9F3F /* slideWall.png in Resources */,
				3DD58FF015F3A98D00FB9F3F /* timerBackground.png in Resources */,
				3DD58FF315F3B66A00FB9F3F /* fempty_0.png in Resources */,
				3D3054A01600DE3F00174167 /* InAppSettings.bundle in Resources */,
				3D29E7EF16021FF800294250 /* settingsGear@2x.png in Resources */,
				3D515297160390D20051F921 /* Default-568h@2x.png in Resources */,
				3D515298160391560051F921 /* Default.png in Resources */,
				3D5152991603915B0051F921 /* Default@2x.png in Resources */,
			);
			runOnlyForDeploymentPostprocessing = 0;
		};
/* End PBXResourcesBuildPhase section */

/* Begin PBXSourcesBuildPhase section */
		3DD58EE815F3A66200FB9F3F /* Sources */ = {
			isa = PBXSourcesBuildPhase;
			buildActionMask = 2147483647;
			files = (
				3DD58EFD15F3A66200FB9F3F /* main.m in Sources */,
				3DD58F0115F3A66300FB9F3F /* FrenchpressAppDelegate.m in Sources */,
				3DD58F0415F3A66300FB9F3F /* FrenchpressViewController.m in Sources */,
				3DD58F1715F3A94D00FB9F3F /* SlideToCancelViewController.m in Sources */,
				3D055BBA15F7FAEA005FDF55 /* AnimUIImageView.m in Sources */,
				3D756C8A15FBB72000F5EB01 /* IASKAppSettingsViewController.m in Sources */,
				3D756C8B15FBB72000F5EB01 /* IASKAppSettingsWebViewController.m in Sources */,
				3D756C8C15FBB72000F5EB01 /* IASKSpecifierValuesViewController.m in Sources */,
				3D756C8D15FBB72000F5EB01 /* IASKSettingsReader.m in Sources */,
				3D756C8E15FBB72000F5EB01 /* IASKSettingsStore.m in Sources */,
				3D756C8F15FBB72000F5EB01 /* IASKSettingsStoreFile.m in Sources */,
				3D756C9015FBB72000F5EB01 /* IASKSettingsStoreUserDefaults.m in Sources */,
				3D756C9115FBB72000F5EB01 /* IASKSpecifier.m in Sources */,
				3D756C9215FBB72000F5EB01 /* IASKPSSliderSpecifierViewCell.m in Sources */,
				3D756C9315FBB72000F5EB01 /* IASKPSTextFieldSpecifierViewCell.m in Sources */,
				3D756C9415FBB72000F5EB01 /* IASKPSTitleValueSpecifierViewCell.m in Sources */,
				3D756C9515FBB72000F5EB01 /* IASKSlider.m in Sources */,
				3D756C9615FBB72000F5EB01 /* IASKSwitch.m in Sources */,
				3D756C9715FBB72000F5EB01 /* IASKTextField.m in Sources */,
				3D29E7EB1601440700294250 /* Constants.m in Sources */,
				3D51529B160397370051F921 /* UIDevice+Resolutions.m in Sources */,
			);
			runOnlyForDeploymentPostprocessing = 0;
		};
/* End PBXSourcesBuildPhase section */

/* Begin PBXVariantGroup section */
		3DD58EF915F3A66200FB9F3F /* InfoPlist.strings */ = {
			isa = PBXVariantGroup;
			children = (
				3DD58EFA15F3A66200FB9F3F /* en */,
			);
			name = InfoPlist.strings;
			sourceTree = "<group>";
		};
		3DD58F0515F3A66300FB9F3F /* FrenchpressViewController.xib */ = {
			isa = PBXVariantGroup;
			children = (
				3DD58F0615F3A66300FB9F3F /* en */,
			);
			name = FrenchpressViewController.xib;
			sourceTree = "<group>";
		};
/* End PBXVariantGroup section */

/* Begin XCBuildConfiguration section */
		3DD58F0815F3A66300FB9F3F /* Debug */ = {
			isa = XCBuildConfiguration;
			buildSettings = {
				ALWAYS_SEARCH_USER_PATHS = NO;
				ARCHS = "$(ARCHS_STANDARD_32_BIT)";
				CLANG_CXX_LANGUAGE_STANDARD = "gnu++0x";
				CLANG_ENABLE_OBJC_ARC = YES;
				CLANG_WARN__DUPLICATE_METHOD_MATCH = YES;
				"CODE_SIGN_IDENTITY[sdk=iphoneos*]" = "iPhone Developer";
				COPY_PHASE_STRIP = NO;
				GCC_C_LANGUAGE_STANDARD = gnu99;
				GCC_DYNAMIC_NO_PIC = NO;
				GCC_OPTIMIZATION_LEVEL = 0;
				GCC_PREPROCESSOR_DEFINITIONS = (
					"DEBUG=1",
					"$(inherited)",
				);
				GCC_SYMBOLS_PRIVATE_EXTERN = NO;
				GCC_VERSION = com.apple.compilers.llvm.clang.1_0;
				GCC_WARN_ABOUT_RETURN_TYPE = YES;
				GCC_WARN_UNINITIALIZED_AUTOS = YES;
				GCC_WARN_UNUSED_VARIABLE = YES;
				IPHONEOS_DEPLOYMENT_TARGET = 5.1;
				SDKROOT = iphoneos;
			};
			name = Debug;
		};
		3DD58F0915F3A66300FB9F3F /* Release */ = {
			isa = XCBuildConfiguration;
			buildSettings = {
				ALWAYS_SEARCH_USER_PATHS = NO;
				ARCHS = "$(ARCHS_STANDARD_32_BIT)";
				CLANG_CXX_LANGUAGE_STANDARD = "gnu++0x";
				CLANG_ENABLE_OBJC_ARC = YES;
				CLANG_WARN__DUPLICATE_METHOD_MATCH = YES;
				"CODE_SIGN_IDENTITY[sdk=iphoneos*]" = "iPhone Distribution: Fatih Arslan";
				COPY_PHASE_STRIP = YES;
				GCC_C_LANGUAGE_STANDARD = gnu99;
				GCC_VERSION = com.apple.compilers.llvm.clang.1_0;
				GCC_WARN_ABOUT_RETURN_TYPE = YES;
				GCC_WARN_UNINITIALIZED_AUTOS = YES;
				GCC_WARN_UNUSED_VARIABLE = YES;
				IPHONEOS_DEPLOYMENT_TARGET = 5.1;
				OTHER_CFLAGS = "-DNS_BLOCK_ASSERTIONS=1";
				"PROVISIONING_PROFILE[sdk=iphoneos*]" = "8FFB5B4E-531D-42DF-B5F8-93445CA69712";
				SDKROOT = iphoneos;
				VALIDATE_PRODUCT = YES;
			};
			name = Release;
		};
		3DD58F0B15F3A66300FB9F3F /* Debug */ = {
			isa = XCBuildConfiguration;
			buildSettings = {
				GCC_PRECOMPILE_PREFIX_HEADER = YES;
				GCC_PREFIX_HEADER = "FrenchPress/FrenchPress-Prefix.pch";
				INFOPLIST_FILE = "FrenchPress/FrenchPress-Info.plist";
				PRODUCT_NAME = "${TARGET_NAME}";
				WRAPPER_EXTENSION = app;
			};
			name = Debug;
		};
		3DD58F0C15F3A66300FB9F3F /* Release */ = {
			isa = XCBuildConfiguration;
			buildSettings = {
				GCC_PRECOMPILE_PREFIX_HEADER = YES;
				GCC_PREFIX_HEADER = "FrenchPress/FrenchPress-Prefix.pch";
				INFOPLIST_FILE = "FrenchPress/FrenchPress-Info.plist";
				PRODUCT_NAME = "${TARGET_NAME}";
				WRAPPER_EXTENSION = app;
			};
			name = Release;
		};
/* End XCBuildConfiguration section */

/* Begin XCConfigurationList section */
		3DD58EE615F3A66200FB9F3F /* Build configuration list for PBXProject "FrenchPress" */ = {
			isa = XCConfigurationList;
			buildConfigurations = (
				3DD58F0815F3A66300FB9F3F /* Debug */,
				3DD58F0915F3A66300FB9F3F /* Release */,
			);
			defaultConfigurationIsVisible = 0;
			defaultConfigurationName = Release;
		};
		3DD58F0A15F3A66300FB9F3F /* Build configuration list for PBXNativeTarget "FrenchPress" */ = {
			isa = XCConfigurationList;
			buildConfigurations = (
				3DD58F0B15F3A66300FB9F3F /* Debug */,
				3DD58F0C15F3A66300FB9F3F /* Release */,
			);
			defaultConfigurationIsVisible = 0;
			defaultConfigurationName = Release;
		};
/* End XCConfigurationList section */
	};
	rootObject = 3DD58EE315F3A66200FB9F3F /* Project object */;
}
